// !$*UTF8*$!
{
	archiveVersion = 1;
	classes = {
	};
	objectVersion = 55;
	objects = {

/* Begin PBXBuildFile section */
		07D15E872817CFD700723348 /* AdjustableView.swift in Sources */ = {isa = PBXBuildFile; fileRef = 07D15E862817CFD700723348 /* AdjustableView.swift */; };
		07D15E892817E0C900723348 /* AdjustChevronView.swift in Sources */ = {isa = PBXBuildFile; fileRef = 07D15E882817E0C900723348 /* AdjustChevronView.swift */; };
		07D15E8C281815C900723348 /* TextEditingViewController.swift in Sources */ = {isa = PBXBuildFile; fileRef = 07D15E8B281815C900723348 /* TextEditingViewController.swift */; };
		07D15E8E2818171D00723348 /* ColorPaletteCollectionView.swift in Sources */ = {isa = PBXBuildFile; fileRef = 07D15E8D2818171D00723348 /* ColorPaletteCollectionView.swift */; };
		07D15E902818212B00723348 /* PaybAck.ttf in Resources */ = {isa = PBXBuildFile; fileRef = 07D15E8F2818212B00723348 /* PaybAck.ttf */; };
		07D15E93281831B200723348 /* UIImage+Extension.swift in Sources */ = {isa = PBXBuildFile; fileRef = 07D15E92281831B200723348 /* UIImage+Extension.swift */; };
		07F98745281A78E60058139C /* FontsPickerViewController.swift in Sources */ = {isa = PBXBuildFile; fileRef = 07F98744281A78E60058139C /* FontsPickerViewController.swift */; };
		07F98748281A7E8C0058139C /* ValuePickerView.swift in Sources */ = {isa = PBXBuildFile; fileRef = 07F98747281A7E8C0058139C /* ValuePickerView.swift */; };
		07F9874B281A844B0058139C /* TextCollectionViewCell.swift in Sources */ = {isa = PBXBuildFile; fileRef = 07F9874A281A844B0058139C /* TextCollectionViewCell.swift */; };
		07F9874E281A9A060058139C /* FontSystem.json in Resources */ = {isa = PBXBuildFile; fileRef = 07F9874D281A9A060058139C /* FontSystem.json */; };
		07F98752281AA6620058139C /* Oxanium-Medium.ttf in Resources */ = {isa = PBXBuildFile; fileRef = 07F98751281AA6620058139C /* Oxanium-Medium.ttf */; };
		07F98754281AA74A0058139C /* PatuaOne-Regular.ttf in Resources */ = {isa = PBXBuildFile; fileRef = 07F98753281AA74A0058139C /* PatuaOne-Regular.ttf */; };
		07F9875B281AABF20058139C /* FontsLoader.swift in Sources */ = {isa = PBXBuildFile; fileRef = 07F9875A281AABF20058139C /* FontsLoader.swift */; };
		07F9875F281ABA300058139C /* nasalization-rg.otf in Resources */ = {isa = PBXBuildFile; fileRef = 07F9875E281ABA300058139C /* nasalization-rg.otf */; };
		07F98762281ABC730058139C /* HARRYP.TTF in Resources */ = {isa = PBXBuildFile; fileRef = 07F98761281ABC730058139C /* HARRYP.TTF */; };
		07F98764281AC1A30058139C /* Game Of Squids.ttf in Resources */ = {isa = PBXBuildFile; fileRef = 07F98763281AC1A30058139C /* Game Of Squids.ttf */; };
		07F98768281AC3690058139C /* Capture it.ttf in Resources */ = {isa = PBXBuildFile; fileRef = 07F98767281AC3690058139C /* Capture it.ttf */; };
		07F9876A281AD5D10058139C /* StyleViewController.swift in Sources */ = {isa = PBXBuildFile; fileRef = 07F98769281AD5D10058139C /* StyleViewController.swift */; };
		07F9876C281AE0B00058139C /* ColorPickerViewController.swift in Sources */ = {isa = PBXBuildFile; fileRef = 07F9876B281AE0B00058139C /* ColorPickerViewController.swift */; };
		07F9876E281AE8400058139C /* ColorSliderView.swift in Sources */ = {isa = PBXBuildFile; fileRef = 07F9876D281AE8400058139C /* ColorSliderView.swift */; };
		07F98770281AF3E00058139C /* CALayer.swift in Sources */ = {isa = PBXBuildFile; fileRef = 07F9876F281AF3E00058139C /* CALayer.swift */; };
		07F98772281AF7390058139C /* AlphaView.swift in Sources */ = {isa = PBXBuildFile; fileRef = 07F98771281AF7390058139C /* AlphaView.swift */; };
		07F98774281BC2260058139C /* SliderSetView.swift in Sources */ = {isa = PBXBuildFile; fileRef = 07F98773281BC2260058139C /* SliderSetView.swift */; };
		07F98777281C2BC00058139C /* CustomSlider.swift in Sources */ = {isa = PBXBuildFile; fileRef = 07F98776281C2BC00058139C /* CustomSlider.swift */; };
		07F98779281C43620058139C /* PresentationControllers.swift in Sources */ = {isa = PBXBuildFile; fileRef = 07F98778281C43620058139C /* PresentationControllers.swift */; };
		07F9877D281ECC610058139C /* Localizable.strings in Resources */ = {isa = PBXBuildFile; fileRef = 07F9877F281ECC610058139C /* Localizable.strings */; };
		07F98782281ED1500058139C /* Localization.swift in Sources */ = {isa = PBXBuildFile; fileRef = 07F98781281ED1500058139C /* Localization.swift */; };
		1E28628F28268E9200E624B1 /* CustomSearchTextField.swift in Sources */ = {isa = PBXBuildFile; fileRef = 1E28628E28268E9200E624B1 /* CustomSearchTextField.swift */; };
		1E42E017280DC93D0033E6EE /* AppDelegate.swift in Sources */ = {isa = PBXBuildFile; fileRef = 1E42E016280DC93D0033E6EE /* AppDelegate.swift */; };
		1E42E019280DC93D0033E6EE /* SceneDelegate.swift in Sources */ = {isa = PBXBuildFile; fileRef = 1E42E018280DC93D0033E6EE /* SceneDelegate.swift */; };
		1E42E01B280DC93D0033E6EE /* DiscoverViewController.swift in Sources */ = {isa = PBXBuildFile; fileRef = 1E42E01A280DC93D0033E6EE /* DiscoverViewController.swift */; };
		1E42E021280DC93D0033E6EE /* Flitrr.xcdatamodeld in Sources */ = {isa = PBXBuildFile; fileRef = 1E42E01F280DC93D0033E6EE /* Flitrr.xcdatamodeld */; };
		1E42E023280DC9430033E6EE /* Assets.xcassets in Resources */ = {isa = PBXBuildFile; fileRef = 1E42E022280DC9430033E6EE /* Assets.xcassets */; };
		1E42E026280DC9430033E6EE /* LaunchScreen.storyboard in Resources */ = {isa = PBXBuildFile; fileRef = 1E42E024280DC9430033E6EE /* LaunchScreen.storyboard */; };
		1E42E031280DC9430033E6EE /* FlitrrTests.swift in Sources */ = {isa = PBXBuildFile; fileRef = 1E42E030280DC9430033E6EE /* FlitrrTests.swift */; };
		1E42E03B280DC9430033E6EE /* FlitrrUITests.swift in Sources */ = {isa = PBXBuildFile; fileRef = 1E42E03A280DC9430033E6EE /* FlitrrUITests.swift */; };
		1E42E03D280DC9430033E6EE /* FlitrrUITestsLaunchTests.swift in Sources */ = {isa = PBXBuildFile; fileRef = 1E42E03C280DC9430033E6EE /* FlitrrUITestsLaunchTests.swift */; };
		1E42E04F280DCABB0033E6EE /* UIColor.swift in Sources */ = {isa = PBXBuildFile; fileRef = 1E42E04E280DCABB0033E6EE /* UIColor.swift */; };
		1E42E051280DD3C90033E6EE /* RoundedTabBar.swift in Sources */ = {isa = PBXBuildFile; fileRef = 1E42E050280DD3C90033E6EE /* RoundedTabBar.swift */; };
		1E42E053280DED700033E6EE /* RoundedTabBarController.swift in Sources */ = {isa = PBXBuildFile; fileRef = 1E42E052280DED700033E6EE /* RoundedTabBarController.swift */; };
		1E5BCFD728281FDB00F7B610 /* AdjustableImageView.swift in Sources */ = {isa = PBXBuildFile; fileRef = 1E5BCFD628281FDB00F7B610 /* AdjustableImageView.swift */; };
		1E5BCFDA2828260700F7B610 /* BackgroundSelectionViewController.swift in Sources */ = {isa = PBXBuildFile; fileRef = 1E5BCFD92828260700F7B610 /* BackgroundSelectionViewController.swift */; };
		1E5BCFDC2828472B00F7B610 /* AdjustableLabel.swift in Sources */ = {isa = PBXBuildFile; fileRef = 1E5BCFDB2828472A00F7B610 /* AdjustableLabel.swift */; };
		1E5BCFDF2829060B00F7B610 /* FiltersViewController.swift in Sources */ = {isa = PBXBuildFile; fileRef = 1E5BCFDE2829060B00F7B610 /* FiltersViewController.swift */; };
		1E5BCFE228290F7700F7B610 /* PaywallVid.mp4 in Resources */ = {isa = PBXBuildFile; fileRef = 1E5BCFE128290F7700F7B610 /* PaywallVid.mp4 */; };
		1E5BCFE4282910B300F7B610 /* PaywallVideoView.swift in Sources */ = {isa = PBXBuildFile; fileRef = 1E5BCFE3282910B300F7B610 /* PaywallVideoView.swift */; };
		1E5BCFE62829221800F7B610 /* FiltersCollectionView.swift in Sources */ = {isa = PBXBuildFile; fileRef = 1E5BCFE52829221800F7B610 /* FiltersCollectionView.swift */; };
		1E5BCFE82829495400F7B610 /* Filters.json in Resources */ = {isa = PBXBuildFile; fileRef = 1E5BCFE72829495400F7B610 /* Filters.json */; };
		1E5BCFEA28294E5700F7B610 /* FilterLoader.swift in Sources */ = {isa = PBXBuildFile; fileRef = 1E5BCFE928294E5700F7B610 /* FilterLoader.swift */; };
		1E5BCFED282A34B200F7B610 /* OpacityViewController.swift in Sources */ = {isa = PBXBuildFile; fileRef = 1E5BCFEC282A34B200F7B610 /* OpacityViewController.swift */; };
		1E5BCFF0282A3ED200F7B610 /* ShadowViewController.swift in Sources */ = {isa = PBXBuildFile; fileRef = 1E5BCFEF282A3ED200F7B610 /* ShadowViewController.swift */; };
		1E5BCFF4282AB74900F7B610 /* ShapesViewController.swift in Sources */ = {isa = PBXBuildFile; fileRef = 1E5BCFF3282AB74800F7B610 /* ShapesViewController.swift */; };
		1E5BCFF7282B8B5700F7B610 /* CropViewController.swift in Sources */ = {isa = PBXBuildFile; fileRef = 1E5BCFF6282B8B5700F7B610 /* CropViewController.swift */; };
		1E5BCFFA282C1E5100F7B610 /* GraphicViewController.swift in Sources */ = {isa = PBXBuildFile; fileRef = 1E5BCFF9282C1E5100F7B610 /* GraphicViewController.swift */; };
		1E934C802834DADD004D9B8D /* GraphicsSystem.json in Resources */ = {isa = PBXBuildFile; fileRef = 1E934C7F2834DADD004D9B8D /* GraphicsSystem.json */; };
		1E934C822834DBE7004D9B8D /* GraphicsLoader.swift in Sources */ = {isa = PBXBuildFile; fileRef = 1E934C812834DBE7004D9B8D /* GraphicsLoader.swift */; };
		1E934C842834E76E004D9B8D /* SocialMediaTemplateCollectionView.swift in Sources */ = {isa = PBXBuildFile; fileRef = 1E934C832834E76E004D9B8D /* SocialMediaTemplateCollectionView.swift */; };
		1E98AD46280EA6F6006DAE75 /* ProjectsViewController.swift in Sources */ = {isa = PBXBuildFile; fileRef = 1E98AD45280EA6F6006DAE75 /* ProjectsViewController.swift */; };
		1E98AD4A280EA925006DAE75 /* RoundedTabBarItems.swift in Sources */ = {isa = PBXBuildFile; fileRef = 1E98AD49280EA925006DAE75 /* RoundedTabBarItems.swift */; };
		1E98AD4D280EAF0A006DAE75 /* Montserrat-Bold.ttf in Resources */ = {isa = PBXBuildFile; fileRef = 1E98AD4C280EAF0A006DAE75 /* Montserrat-Bold.ttf */; };
		1E98AD4F280EAF28006DAE75 /* Montserrat-Regular.ttf in Resources */ = {isa = PBXBuildFile; fileRef = 1E98AD4E280EAF28006DAE75 /* Montserrat-Regular.ttf */; };
		1E98AD51280EAF46006DAE75 /* Montserrat-Medium.ttf in Resources */ = {isa = PBXBuildFile; fileRef = 1E98AD50280EAF46006DAE75 /* Montserrat-Medium.ttf */; };
		1E98AD55280EB72D006DAE75 /* WaterFallLayout.swift in Sources */ = {isa = PBXBuildFile; fileRef = 1E98AD54280EB72D006DAE75 /* WaterFallLayout.swift */; };
		1E98AD57280EC618006DAE75 /* ProjectsOptionsView.swift in Sources */ = {isa = PBXBuildFile; fileRef = 1E98AD56280EC618006DAE75 /* ProjectsOptionsView.swift */; };
		1E98AD59280EDEEA006DAE75 /* UIViewController.swift in Sources */ = {isa = PBXBuildFile; fileRef = 1E98AD58280EDEEA006DAE75 /* UIViewController.swift */; };
		1E98AD5C280EE060006DAE75 /* ProjectsImageCell.swift in Sources */ = {isa = PBXBuildFile; fileRef = 1E98AD5B280EE060006DAE75 /* ProjectsImageCell.swift */; };
		1E98AD5E280EE2FD006DAE75 /* ProjectsSelectionTab.swift in Sources */ = {isa = PBXBuildFile; fileRef = 1E98AD5D280EE2FD006DAE75 /* ProjectsSelectionTab.swift */; };
		1E98AD60280EE9DC006DAE75 /* ProjectsFolderCell.swift in Sources */ = {isa = PBXBuildFile; fileRef = 1E98AD5F280EE9DC006DAE75 /* ProjectsFolderCell.swift */; };
		1E98AD6928108474006DAE75 /* SettingsViewController.swift in Sources */ = {isa = PBXBuildFile; fileRef = 1E98AD6828108474006DAE75 /* SettingsViewController.swift */; };
		1E98AD6D2811AC31006DAE75 /* Montserrat-Light.ttf in Resources */ = {isa = PBXBuildFile; fileRef = 1E98AD6C2811AC31006DAE75 /* Montserrat-Light.ttf */; };
		1E98AD6F2811D0A7006DAE75 /* SettingsView.swift in Sources */ = {isa = PBXBuildFile; fileRef = 1E98AD6E2811D0A7006DAE75 /* SettingsView.swift */; };
		1E98AD712811D773006DAE75 /* PaywallView.swift in Sources */ = {isa = PBXBuildFile; fileRef = 1E98AD702811D773006DAE75 /* PaywallView.swift */; };
		1E98AD7528128E9E006DAE75 /* LanguageTableViewController.swift in Sources */ = {isa = PBXBuildFile; fileRef = 1E98AD7428128E9E006DAE75 /* LanguageTableViewController.swift */; };
		1E98AD782812955E006DAE75 /* PrivacyPolicyViewController.swift in Sources */ = {isa = PBXBuildFile; fileRef = 1E98AD772812955E006DAE75 /* PrivacyPolicyViewController.swift */; };
		1E98AD7A2812FDCE006DAE75 /* Montserrat-SemiBold.ttf in Resources */ = {isa = PBXBuildFile; fileRef = 1E98AD792812FDCE006DAE75 /* Montserrat-SemiBold.ttf */; };
		1E98AD7C2812FDF1006DAE75 /* Fonts.swift in Sources */ = {isa = PBXBuildFile; fileRef = 1E98AD7B2812FDF1006DAE75 /* Fonts.swift */; };
		1E98AD7E28140BB1006DAE75 /* ProjectCreatingViewController.swift in Sources */ = {isa = PBXBuildFile; fileRef = 1E98AD7D28140BB1006DAE75 /* ProjectCreatingViewController.swift */; };
		1E98AD8128140C51006DAE75 /* ToolBarView.swift in Sources */ = {isa = PBXBuildFile; fileRef = 1E98AD8028140C51006DAE75 /* ToolBarView.swift */; };
		1E98AD8328141DE1006DAE75 /* ProjectTransparentGridView.swift in Sources */ = {isa = PBXBuildFile; fileRef = 1E98AD8228141DE1006DAE75 /* ProjectTransparentGridView.swift */; };
		1E98AD93281575DA006DAE75 /* Folder+CoreDataClass.swift in Sources */ = {isa = PBXBuildFile; fileRef = 1E98AD8F281575DA006DAE75 /* Folder+CoreDataClass.swift */; };
		1E98AD94281575DA006DAE75 /* Folder+CoreDataProperties.swift in Sources */ = {isa = PBXBuildFile; fileRef = 1E98AD90281575DA006DAE75 /* Folder+CoreDataProperties.swift */; };
		1E98AD95281575DA006DAE75 /* Project+CoreDataClass.swift in Sources */ = {isa = PBXBuildFile; fileRef = 1E98AD91281575DA006DAE75 /* Project+CoreDataClass.swift */; };
		1E98AD96281575DA006DAE75 /* Project+CoreDataProperties.swift in Sources */ = {isa = PBXBuildFile; fileRef = 1E98AD92281575DA006DAE75 /* Project+CoreDataProperties.swift */; };
		1E98AD982815D33D006DAE75 /* FoldersCollectionHeaderView.swift in Sources */ = {isa = PBXBuildFile; fileRef = 1E98AD972815D33D006DAE75 /* FoldersCollectionHeaderView.swift */; };
		1E98AD9A28168394006DAE75 /* ScrollableRoundedBar.swift in Sources */ = {isa = PBXBuildFile; fileRef = 1E98AD9928168394006DAE75 /* ScrollableRoundedBar.swift */; };
		1E98AD9D281699DB006DAE75 /* ImageLibraryPickerViewController.swift in Sources */ = {isa = PBXBuildFile; fileRef = 1E98AD9C281699DB006DAE75 /* ImageLibraryPickerViewController.swift */; };
		1E98ADA02816B438006DAE75 /* HorizontalCollectionView.swift in Sources */ = {isa = PBXBuildFile; fileRef = 1E98AD9F2816B438006DAE75 /* HorizontalCollectionView.swift */; };
		1EC9915A282E58B9006B2D38 /* GraphicsObservingViewController.swift in Sources */ = {isa = PBXBuildFile; fileRef = 1EC99159282E58B9006B2D38 /* GraphicsObservingViewController.swift */; };
		1EC9915C282E5FB6006B2D38 /* GraphicsStretchyHeader.swift in Sources */ = {isa = PBXBuildFile; fileRef = 1EC9915B282E5FB6006B2D38 /* GraphicsStretchyHeader.swift */; };
		1EF9521F282ED6830002A6E7 /* AppearanceViewController.swift in Sources */ = {isa = PBXBuildFile; fileRef = 1EF9521E282ED6830002A6E7 /* AppearanceViewController.swift */; };
		1EF95221282F92800002A6E7 /* AppState.swift in Sources */ = {isa = PBXBuildFile; fileRef = 1EF95220282F92800002A6E7 /* AppState.swift */; };
		1EF95223282FCA6D0002A6E7 /* iAps.plist in Resources */ = {isa = PBXBuildFile; fileRef = 1EF95222282FCA6D0002A6E7 /* iAps.plist */; };
		1EF95226282FCAD60002A6E7 /* InAppConfiguration.swift in Sources */ = {isa = PBXBuildFile; fileRef = 1EF95225282FCAD60002A6E7 /* InAppConfiguration.swift */; };
		1EF95228282FCD280002A6E7 /* StoreHelper.swift in Sources */ = {isa = PBXBuildFile; fileRef = 1EF95227282FCD280002A6E7 /* StoreHelper.swift */; };
		1EF9522A283114F70002A6E7 /* ProjectsFileManager.swift in Sources */ = {isa = PBXBuildFile; fileRef = 1EF95229283114F70002A6E7 /* ProjectsFileManager.swift */; };
		1EF9522C28313C320002A6E7 /* StoreObserver.swift in Sources */ = {isa = PBXBuildFile; fileRef = 1EF9522B28313C320002A6E7 /* StoreObserver.swift */; };
		1EF9522F283141DE0002A6E7 /* StoreKit.framework in Frameworks */ = {isa = PBXBuildFile; fileRef = 1EF9522E283141DE0002A6E7 /* StoreKit.framework */; };
		1EF9523228314EC30002A6E7 /* LayersViewController.swift in Sources */ = {isa = PBXBuildFile; fileRef = 1EF9523128314EC30002A6E7 /* LayersViewController.swift */; };
		1EF9523428314F280002A6E7 /* LayersCollectionView.swift in Sources */ = {isa = PBXBuildFile; fileRef = 1EF9523328314F280002A6E7 /* LayersCollectionView.swift */; };
		1EF9523728316BBC0002A6E7 /* ProjectCell.swift in Sources */ = {isa = PBXBuildFile; fileRef = 1EF9523628316BBC0002A6E7 /* ProjectCell.swift */; };
		1EF9523A283186210002A6E7 /* FolderViewController.swift in Sources */ = {isa = PBXBuildFile; fileRef = 1EF95239283186200002A6E7 /* FolderViewController.swift */; };
		1EF9523D28324C610002A6E7 /* ProjectsPickerViewController.swift in Sources */ = {isa = PBXBuildFile; fileRef = 1EF9523C28324C610002A6E7 /* ProjectsPickerViewController.swift */; };
/* End PBXBuildFile section */

/* Begin PBXContainerItemProxy section */
		1E42E02D280DC9430033E6EE /* PBXContainerItemProxy */ = {
			isa = PBXContainerItemProxy;
			containerPortal = 1E42E00B280DC93D0033E6EE /* Project object */;
			proxyType = 1;
			remoteGlobalIDString = 1E42E012280DC93D0033E6EE;
			remoteInfo = Flitrr;
		};
		1E42E037280DC9430033E6EE /* PBXContainerItemProxy */ = {
			isa = PBXContainerItemProxy;
			containerPortal = 1E42E00B280DC93D0033E6EE /* Project object */;
			proxyType = 1;
			remoteGlobalIDString = 1E42E012280DC93D0033E6EE;
			remoteInfo = Flitrr;
		};
/* End PBXContainerItemProxy section */

/* Begin PBXFileReference section */
		07D15E862817CFD700723348 /* AdjustableView.swift */ = {isa = PBXFileReference; lastKnownFileType = sourcecode.swift; path = AdjustableView.swift; sourceTree = "<group>"; };
		07D15E882817E0C900723348 /* AdjustChevronView.swift */ = {isa = PBXFileReference; lastKnownFileType = sourcecode.swift; path = AdjustChevronView.swift; sourceTree = "<group>"; };
		07D15E8B281815C900723348 /* TextEditingViewController.swift */ = {isa = PBXFileReference; lastKnownFileType = sourcecode.swift; path = TextEditingViewController.swift; sourceTree = "<group>"; };
		07D15E8D2818171D00723348 /* ColorPaletteCollectionView.swift */ = {isa = PBXFileReference; lastKnownFileType = sourcecode.swift; path = ColorPaletteCollectionView.swift; sourceTree = "<group>"; };
		07D15E8F2818212B00723348 /* PaybAck.ttf */ = {isa = PBXFileReference; lastKnownFileType = file; path = PaybAck.ttf; sourceTree = "<group>"; };
		07D15E92281831B200723348 /* UIImage+Extension.swift */ = {isa = PBXFileReference; lastKnownFileType = sourcecode.swift; path = "UIImage+Extension.swift"; sourceTree = "<group>"; };
		07F98744281A78E60058139C /* FontsPickerViewController.swift */ = {isa = PBXFileReference; lastKnownFileType = sourcecode.swift; path = FontsPickerViewController.swift; sourceTree = "<group>"; };
		07F98747281A7E8C0058139C /* ValuePickerView.swift */ = {isa = PBXFileReference; lastKnownFileType = sourcecode.swift; path = ValuePickerView.swift; sourceTree = "<group>"; };
		07F9874A281A844B0058139C /* TextCollectionViewCell.swift */ = {isa = PBXFileReference; lastKnownFileType = sourcecode.swift; path = TextCollectionViewCell.swift; sourceTree = "<group>"; };
		07F9874D281A9A060058139C /* FontSystem.json */ = {isa = PBXFileReference; fileEncoding = 4; lastKnownFileType = text.json; path = FontSystem.json; sourceTree = "<group>"; };
		07F98751281AA6620058139C /* Oxanium-Medium.ttf */ = {isa = PBXFileReference; lastKnownFileType = file; path = "Oxanium-Medium.ttf"; sourceTree = "<group>"; };
		07F98753281AA74A0058139C /* PatuaOne-Regular.ttf */ = {isa = PBXFileReference; lastKnownFileType = file; path = "PatuaOne-Regular.ttf"; sourceTree = "<group>"; };
		07F9875A281AABF20058139C /* FontsLoader.swift */ = {isa = PBXFileReference; lastKnownFileType = sourcecode.swift; path = FontsLoader.swift; sourceTree = "<group>"; };
		07F9875E281ABA300058139C /* nasalization-rg.otf */ = {isa = PBXFileReference; lastKnownFileType = file; path = "nasalization-rg.otf"; sourceTree = "<group>"; };
		07F98761281ABC730058139C /* HARRYP.TTF */ = {isa = PBXFileReference; lastKnownFileType = file; path = HARRYP.TTF; sourceTree = "<group>"; };
		07F98763281AC1A30058139C /* Game Of Squids.ttf */ = {isa = PBXFileReference; lastKnownFileType = file; path = "Game Of Squids.ttf"; sourceTree = "<group>"; };
		07F98767281AC3690058139C /* Capture it.ttf */ = {isa = PBXFileReference; lastKnownFileType = file; path = "Capture it.ttf"; sourceTree = "<group>"; };
		07F98769281AD5D10058139C /* StyleViewController.swift */ = {isa = PBXFileReference; lastKnownFileType = sourcecode.swift; path = StyleViewController.swift; sourceTree = "<group>"; };
		07F9876B281AE0B00058139C /* ColorPickerViewController.swift */ = {isa = PBXFileReference; lastKnownFileType = sourcecode.swift; path = ColorPickerViewController.swift; sourceTree = "<group>"; };
		07F9876D281AE8400058139C /* ColorSliderView.swift */ = {isa = PBXFileReference; lastKnownFileType = sourcecode.swift; path = ColorSliderView.swift; sourceTree = "<group>"; };
		07F9876F281AF3E00058139C /* CALayer.swift */ = {isa = PBXFileReference; lastKnownFileType = sourcecode.swift; path = CALayer.swift; sourceTree = "<group>"; };
		07F98771281AF7390058139C /* AlphaView.swift */ = {isa = PBXFileReference; lastKnownFileType = sourcecode.swift; path = AlphaView.swift; sourceTree = "<group>"; };
		07F98773281BC2260058139C /* SliderSetView.swift */ = {isa = PBXFileReference; lastKnownFileType = sourcecode.swift; path = SliderSetView.swift; sourceTree = "<group>"; };
		07F98776281C2BC00058139C /* CustomSlider.swift */ = {isa = PBXFileReference; lastKnownFileType = sourcecode.swift; path = CustomSlider.swift; sourceTree = "<group>"; };
		07F98778281C43620058139C /* PresentationControllers.swift */ = {isa = PBXFileReference; lastKnownFileType = sourcecode.swift; path = PresentationControllers.swift; sourceTree = "<group>"; };
		07F98780281ECC6F0058139C /* es */ = {isa = PBXFileReference; lastKnownFileType = text.plist.strings; name = es; path = es.lproj/Localizable.strings; sourceTree = "<group>"; };
		07F98781281ED1500058139C /* Localization.swift */ = {isa = PBXFileReference; lastKnownFileType = sourcecode.swift; path = Localization.swift; sourceTree = "<group>"; };
		07F98783281ED3AB0058139C /* zh-Hans */ = {isa = PBXFileReference; lastKnownFileType = text.plist.strings; name = "zh-Hans"; path = "zh-Hans.lproj/Localizable.strings"; sourceTree = "<group>"; };
		07F98784281ED3B60058139C /* ja */ = {isa = PBXFileReference; lastKnownFileType = text.plist.strings; name = ja; path = ja.lproj/Localizable.strings; sourceTree = "<group>"; };
		07F98785281ED3C20058139C /* fr */ = {isa = PBXFileReference; lastKnownFileType = text.plist.strings; name = fr; path = fr.lproj/Localizable.strings; sourceTree = "<group>"; };
		07F98786281ED3CD0058139C /* de */ = {isa = PBXFileReference; lastKnownFileType = text.plist.strings; name = de; path = de.lproj/Localizable.strings; sourceTree = "<group>"; };
		07F98787281ED3DB0058139C /* ru */ = {isa = PBXFileReference; lastKnownFileType = text.plist.strings; name = ru; path = ru.lproj/Localizable.strings; sourceTree = "<group>"; };
		07F98788281ED3E80058139C /* pt-PT */ = {isa = PBXFileReference; lastKnownFileType = text.plist.strings; name = "pt-PT"; path = "pt-PT.lproj/Localizable.strings"; sourceTree = "<group>"; };
		07F98789281ED3F10058139C /* it */ = {isa = PBXFileReference; lastKnownFileType = text.plist.strings; name = it; path = it.lproj/Localizable.strings; sourceTree = "<group>"; };
		07F9878A281ED3FE0058139C /* ko */ = {isa = PBXFileReference; lastKnownFileType = text.plist.strings; name = ko; path = ko.lproj/Localizable.strings; sourceTree = "<group>"; };
		1E28628D282675EB00E624B1 /* en */ = {isa = PBXFileReference; lastKnownFileType = text.plist.strings; name = en; path = en.lproj/Localizable.strings; sourceTree = "<group>"; };
		1E28628E28268E9200E624B1 /* CustomSearchTextField.swift */ = {isa = PBXFileReference; lastKnownFileType = sourcecode.swift; path = CustomSearchTextField.swift; sourceTree = "<group>"; };
		1E42E013280DC93D0033E6EE /* Flitrr.app */ = {isa = PBXFileReference; explicitFileType = wrapper.application; includeInIndex = 0; path = Flitrr.app; sourceTree = BUILT_PRODUCTS_DIR; };
		1E42E016280DC93D0033E6EE /* AppDelegate.swift */ = {isa = PBXFileReference; lastKnownFileType = sourcecode.swift; path = AppDelegate.swift; sourceTree = "<group>"; };
		1E42E018280DC93D0033E6EE /* SceneDelegate.swift */ = {isa = PBXFileReference; lastKnownFileType = sourcecode.swift; path = SceneDelegate.swift; sourceTree = "<group>"; };
		1E42E01A280DC93D0033E6EE /* DiscoverViewController.swift */ = {isa = PBXFileReference; lastKnownFileType = sourcecode.swift; path = DiscoverViewController.swift; sourceTree = "<group>"; };
		1E42E020280DC93D0033E6EE /* Flitrr.xcdatamodel */ = {isa = PBXFileReference; lastKnownFileType = wrapper.xcdatamodel; path = Flitrr.xcdatamodel; sourceTree = "<group>"; };
		1E42E022280DC9430033E6EE /* Assets.xcassets */ = {isa = PBXFileReference; lastKnownFileType = folder.assetcatalog; path = Assets.xcassets; sourceTree = "<group>"; };
		1E42E025280DC9430033E6EE /* Base */ = {isa = PBXFileReference; lastKnownFileType = file.storyboard; name = Base; path = Base.lproj/LaunchScreen.storyboard; sourceTree = "<group>"; };
		1E42E027280DC9430033E6EE /* Info.plist */ = {isa = PBXFileReference; lastKnownFileType = text.plist.xml; path = Info.plist; sourceTree = "<group>"; };
		1E42E02C280DC9430033E6EE /* FlitrrTests.xctest */ = {isa = PBXFileReference; explicitFileType = wrapper.cfbundle; includeInIndex = 0; path = FlitrrTests.xctest; sourceTree = BUILT_PRODUCTS_DIR; };
		1E42E030280DC9430033E6EE /* FlitrrTests.swift */ = {isa = PBXFileReference; lastKnownFileType = sourcecode.swift; path = FlitrrTests.swift; sourceTree = "<group>"; };
		1E42E036280DC9430033E6EE /* FlitrrUITests.xctest */ = {isa = PBXFileReference; explicitFileType = wrapper.cfbundle; includeInIndex = 0; path = FlitrrUITests.xctest; sourceTree = BUILT_PRODUCTS_DIR; };
		1E42E03A280DC9430033E6EE /* FlitrrUITests.swift */ = {isa = PBXFileReference; lastKnownFileType = sourcecode.swift; path = FlitrrUITests.swift; sourceTree = "<group>"; };
		1E42E03C280DC9430033E6EE /* FlitrrUITestsLaunchTests.swift */ = {isa = PBXFileReference; lastKnownFileType = sourcecode.swift; path = FlitrrUITestsLaunchTests.swift; sourceTree = "<group>"; };
		1E42E04E280DCABB0033E6EE /* UIColor.swift */ = {isa = PBXFileReference; lastKnownFileType = sourcecode.swift; path = UIColor.swift; sourceTree = "<group>"; };
		1E42E050280DD3C90033E6EE /* RoundedTabBar.swift */ = {isa = PBXFileReference; lastKnownFileType = sourcecode.swift; path = RoundedTabBar.swift; sourceTree = "<group>"; };
		1E42E052280DED700033E6EE /* RoundedTabBarController.swift */ = {isa = PBXFileReference; lastKnownFileType = sourcecode.swift; path = RoundedTabBarController.swift; sourceTree = "<group>"; };
		1E5BCFD628281FDB00F7B610 /* AdjustableImageView.swift */ = {isa = PBXFileReference; lastKnownFileType = sourcecode.swift; path = AdjustableImageView.swift; sourceTree = "<group>"; };
		1E5BCFD92828260700F7B610 /* BackgroundSelectionViewController.swift */ = {isa = PBXFileReference; lastKnownFileType = sourcecode.swift; path = BackgroundSelectionViewController.swift; sourceTree = "<group>"; };
		1E5BCFDB2828472A00F7B610 /* AdjustableLabel.swift */ = {isa = PBXFileReference; lastKnownFileType = sourcecode.swift; path = AdjustableLabel.swift; sourceTree = "<group>"; };
		1E5BCFDE2829060B00F7B610 /* FiltersViewController.swift */ = {isa = PBXFileReference; lastKnownFileType = sourcecode.swift; path = FiltersViewController.swift; sourceTree = "<group>"; };
		1E5BCFE128290F7700F7B610 /* PaywallVid.mp4 */ = {isa = PBXFileReference; lastKnownFileType = file; path = PaywallVid.mp4; sourceTree = "<group>"; };
		1E5BCFE3282910B300F7B610 /* PaywallVideoView.swift */ = {isa = PBXFileReference; lastKnownFileType = sourcecode.swift; path = PaywallVideoView.swift; sourceTree = "<group>"; };
		1E5BCFE52829221800F7B610 /* FiltersCollectionView.swift */ = {isa = PBXFileReference; lastKnownFileType = sourcecode.swift; path = FiltersCollectionView.swift; sourceTree = "<group>"; };
		1E5BCFE72829495400F7B610 /* Filters.json */ = {isa = PBXFileReference; lastKnownFileType = text.json; path = Filters.json; sourceTree = "<group>"; };
		1E5BCFE928294E5700F7B610 /* FilterLoader.swift */ = {isa = PBXFileReference; lastKnownFileType = sourcecode.swift; path = FilterLoader.swift; sourceTree = "<group>"; };
		1E5BCFEC282A34B200F7B610 /* OpacityViewController.swift */ = {isa = PBXFileReference; lastKnownFileType = sourcecode.swift; path = OpacityViewController.swift; sourceTree = "<group>"; };
		1E5BCFEF282A3ED200F7B610 /* ShadowViewController.swift */ = {isa = PBXFileReference; lastKnownFileType = sourcecode.swift; path = ShadowViewController.swift; sourceTree = "<group>"; };
		1E5BCFF3282AB74800F7B610 /* ShapesViewController.swift */ = {isa = PBXFileReference; lastKnownFileType = sourcecode.swift; path = ShapesViewController.swift; sourceTree = "<group>"; };
		1E5BCFF6282B8B5700F7B610 /* CropViewController.swift */ = {isa = PBXFileReference; lastKnownFileType = sourcecode.swift; path = CropViewController.swift; sourceTree = "<group>"; };
		1E5BCFF9282C1E5100F7B610 /* GraphicViewController.swift */ = {isa = PBXFileReference; lastKnownFileType = sourcecode.swift; path = GraphicViewController.swift; sourceTree = "<group>"; };
		1E934C7F2834DADD004D9B8D /* GraphicsSystem.json */ = {isa = PBXFileReference; lastKnownFileType = text.json; path = GraphicsSystem.json; sourceTree = "<group>"; };
		1E934C812834DBE7004D9B8D /* GraphicsLoader.swift */ = {isa = PBXFileReference; lastKnownFileType = sourcecode.swift; path = GraphicsLoader.swift; sourceTree = "<group>"; };
		1E934C832834E76E004D9B8D /* SocialMediaTemplateCollectionView.swift */ = {isa = PBXFileReference; lastKnownFileType = sourcecode.swift; path = SocialMediaTemplateCollectionView.swift; sourceTree = "<group>"; };
		1E98AD45280EA6F6006DAE75 /* ProjectsViewController.swift */ = {isa = PBXFileReference; lastKnownFileType = sourcecode.swift; path = ProjectsViewController.swift; sourceTree = "<group>"; };
		1E98AD49280EA925006DAE75 /* RoundedTabBarItems.swift */ = {isa = PBXFileReference; lastKnownFileType = sourcecode.swift; path = RoundedTabBarItems.swift; sourceTree = "<group>"; };
		1E98AD4C280EAF0A006DAE75 /* Montserrat-Bold.ttf */ = {isa = PBXFileReference; lastKnownFileType = file; path = "Montserrat-Bold.ttf"; sourceTree = "<group>"; };
		1E98AD4E280EAF28006DAE75 /* Montserrat-Regular.ttf */ = {isa = PBXFileReference; lastKnownFileType = file; path = "Montserrat-Regular.ttf"; sourceTree = "<group>"; };
		1E98AD50280EAF46006DAE75 /* Montserrat-Medium.ttf */ = {isa = PBXFileReference; lastKnownFileType = file; path = "Montserrat-Medium.ttf"; sourceTree = "<group>"; };
		1E98AD54280EB72D006DAE75 /* WaterFallLayout.swift */ = {isa = PBXFileReference; lastKnownFileType = sourcecode.swift; path = WaterFallLayout.swift; sourceTree = "<group>"; };
		1E98AD56280EC618006DAE75 /* ProjectsOptionsView.swift */ = {isa = PBXFileReference; lastKnownFileType = sourcecode.swift; path = ProjectsOptionsView.swift; sourceTree = "<group>"; };
		1E98AD58280EDEEA006DAE75 /* UIViewController.swift */ = {isa = PBXFileReference; lastKnownFileType = sourcecode.swift; path = UIViewController.swift; sourceTree = "<group>"; };
		1E98AD5B280EE060006DAE75 /* ProjectsImageCell.swift */ = {isa = PBXFileReference; lastKnownFileType = sourcecode.swift; path = ProjectsImageCell.swift; sourceTree = "<group>"; };
		1E98AD5D280EE2FD006DAE75 /* ProjectsSelectionTab.swift */ = {isa = PBXFileReference; lastKnownFileType = sourcecode.swift; path = ProjectsSelectionTab.swift; sourceTree = "<group>"; };
		1E98AD5F280EE9DC006DAE75 /* ProjectsFolderCell.swift */ = {isa = PBXFileReference; lastKnownFileType = sourcecode.swift; path = ProjectsFolderCell.swift; sourceTree = "<group>"; };
		1E98AD6828108474006DAE75 /* SettingsViewController.swift */ = {isa = PBXFileReference; lastKnownFileType = sourcecode.swift; path = SettingsViewController.swift; sourceTree = "<group>"; };
		1E98AD6C2811AC31006DAE75 /* Montserrat-Light.ttf */ = {isa = PBXFileReference; lastKnownFileType = file; path = "Montserrat-Light.ttf"; sourceTree = "<group>"; };
		1E98AD6E2811D0A7006DAE75 /* SettingsView.swift */ = {isa = PBXFileReference; lastKnownFileType = sourcecode.swift; path = SettingsView.swift; sourceTree = "<group>"; };
		1E98AD702811D773006DAE75 /* PaywallView.swift */ = {isa = PBXFileReference; lastKnownFileType = sourcecode.swift; path = PaywallView.swift; sourceTree = "<group>"; };
		1E98AD7428128E9E006DAE75 /* LanguageTableViewController.swift */ = {isa = PBXFileReference; lastKnownFileType = sourcecode.swift; path = LanguageTableViewController.swift; sourceTree = "<group>"; };
		1E98AD772812955E006DAE75 /* PrivacyPolicyViewController.swift */ = {isa = PBXFileReference; lastKnownFileType = sourcecode.swift; path = PrivacyPolicyViewController.swift; sourceTree = "<group>"; };
		1E98AD792812FDCE006DAE75 /* Montserrat-SemiBold.ttf */ = {isa = PBXFileReference; lastKnownFileType = file; path = "Montserrat-SemiBold.ttf"; sourceTree = "<group>"; };
		1E98AD7B2812FDF1006DAE75 /* Fonts.swift */ = {isa = PBXFileReference; lastKnownFileType = sourcecode.swift; path = Fonts.swift; sourceTree = "<group>"; };
		1E98AD7D28140BB1006DAE75 /* ProjectCreatingViewController.swift */ = {isa = PBXFileReference; lastKnownFileType = sourcecode.swift; path = ProjectCreatingViewController.swift; sourceTree = "<group>"; };
		1E98AD8028140C51006DAE75 /* ToolBarView.swift */ = {isa = PBXFileReference; lastKnownFileType = sourcecode.swift; path = ToolBarView.swift; sourceTree = "<group>"; };
		1E98AD8228141DE1006DAE75 /* ProjectTransparentGridView.swift */ = {isa = PBXFileReference; lastKnownFileType = sourcecode.swift; path = ProjectTransparentGridView.swift; sourceTree = "<group>"; };
		1E98AD8F281575DA006DAE75 /* Folder+CoreDataClass.swift */ = {isa = PBXFileReference; lastKnownFileType = sourcecode.swift; path = "Folder+CoreDataClass.swift"; sourceTree = "<group>"; };
		1E98AD90281575DA006DAE75 /* Folder+CoreDataProperties.swift */ = {isa = PBXFileReference; lastKnownFileType = sourcecode.swift; path = "Folder+CoreDataProperties.swift"; sourceTree = "<group>"; };
		1E98AD91281575DA006DAE75 /* Project+CoreDataClass.swift */ = {isa = PBXFileReference; lastKnownFileType = sourcecode.swift; path = "Project+CoreDataClass.swift"; sourceTree = "<group>"; };
		1E98AD92281575DA006DAE75 /* Project+CoreDataProperties.swift */ = {isa = PBXFileReference; lastKnownFileType = sourcecode.swift; path = "Project+CoreDataProperties.swift"; sourceTree = "<group>"; };
		1E98AD972815D33D006DAE75 /* FoldersCollectionHeaderView.swift */ = {isa = PBXFileReference; lastKnownFileType = sourcecode.swift; path = FoldersCollectionHeaderView.swift; sourceTree = "<group>"; };
		1E98AD9928168394006DAE75 /* ScrollableRoundedBar.swift */ = {isa = PBXFileReference; lastKnownFileType = sourcecode.swift; path = ScrollableRoundedBar.swift; sourceTree = "<group>"; };
		1E98AD9C281699DB006DAE75 /* ImageLibraryPickerViewController.swift */ = {isa = PBXFileReference; lastKnownFileType = sourcecode.swift; path = ImageLibraryPickerViewController.swift; sourceTree = "<group>"; };
		1E98AD9F2816B438006DAE75 /* HorizontalCollectionView.swift */ = {isa = PBXFileReference; lastKnownFileType = sourcecode.swift; path = HorizontalCollectionView.swift; sourceTree = "<group>"; };
		1EC99159282E58B9006B2D38 /* GraphicsObservingViewController.swift */ = {isa = PBXFileReference; lastKnownFileType = sourcecode.swift; path = GraphicsObservingViewController.swift; sourceTree = "<group>"; };
		1EC9915B282E5FB6006B2D38 /* GraphicsStretchyHeader.swift */ = {isa = PBXFileReference; lastKnownFileType = sourcecode.swift; path = GraphicsStretchyHeader.swift; sourceTree = "<group>"; };
		1EF9521E282ED6830002A6E7 /* AppearanceViewController.swift */ = {isa = PBXFileReference; lastKnownFileType = sourcecode.swift; path = AppearanceViewController.swift; sourceTree = "<group>"; };
		1EF95220282F92800002A6E7 /* AppState.swift */ = {isa = PBXFileReference; lastKnownFileType = sourcecode.swift; path = AppState.swift; sourceTree = "<group>"; };
		1EF95222282FCA6D0002A6E7 /* iAps.plist */ = {isa = PBXFileReference; lastKnownFileType = text.plist.xml; path = iAps.plist; sourceTree = "<group>"; };
		1EF95225282FCAD60002A6E7 /* InAppConfiguration.swift */ = {isa = PBXFileReference; lastKnownFileType = sourcecode.swift; path = InAppConfiguration.swift; sourceTree = "<group>"; };
		1EF95227282FCD280002A6E7 /* StoreHelper.swift */ = {isa = PBXFileReference; lastKnownFileType = sourcecode.swift; path = StoreHelper.swift; sourceTree = "<group>"; };
		1EF95229283114F70002A6E7 /* ProjectsFileManager.swift */ = {isa = PBXFileReference; lastKnownFileType = sourcecode.swift; path = ProjectsFileManager.swift; sourceTree = "<group>"; };
		1EF9522B28313C320002A6E7 /* StoreObserver.swift */ = {isa = PBXFileReference; lastKnownFileType = sourcecode.swift; path = StoreObserver.swift; sourceTree = "<group>"; };
		1EF9522E283141DE0002A6E7 /* StoreKit.framework */ = {isa = PBXFileReference; lastKnownFileType = wrapper.framework; name = StoreKit.framework; path = System/Library/Frameworks/StoreKit.framework; sourceTree = SDKROOT; };
		1EF9523128314EC30002A6E7 /* LayersViewController.swift */ = {isa = PBXFileReference; lastKnownFileType = sourcecode.swift; path = LayersViewController.swift; sourceTree = "<group>"; };
		1EF9523328314F280002A6E7 /* LayersCollectionView.swift */ = {isa = PBXFileReference; lastKnownFileType = sourcecode.swift; path = LayersCollectionView.swift; sourceTree = "<group>"; };
		1EF9523628316BBC0002A6E7 /* ProjectCell.swift */ = {isa = PBXFileReference; lastKnownFileType = sourcecode.swift; path = ProjectCell.swift; sourceTree = "<group>"; };
		1EF95239283186200002A6E7 /* FolderViewController.swift */ = {isa = PBXFileReference; lastKnownFileType = sourcecode.swift; path = FolderViewController.swift; sourceTree = "<group>"; };
		1EF9523C28324C610002A6E7 /* ProjectsPickerViewController.swift */ = {isa = PBXFileReference; lastKnownFileType = sourcecode.swift; path = ProjectsPickerViewController.swift; sourceTree = "<group>"; };
/* End PBXFileReference section */

/* Begin PBXFrameworksBuildPhase section */
		1E42E010280DC93D0033E6EE /* Frameworks */ = {
			isa = PBXFrameworksBuildPhase;
			buildActionMask = 2147483647;
			files = (
				1EF9522F283141DE0002A6E7 /* StoreKit.framework in Frameworks */,
			);
			runOnlyForDeploymentPostprocessing = 0;
		};
		1E42E029280DC9430033E6EE /* Frameworks */ = {
			isa = PBXFrameworksBuildPhase;
			buildActionMask = 2147483647;
			files = (
			);
			runOnlyForDeploymentPostprocessing = 0;
		};
		1E42E033280DC9430033E6EE /* Frameworks */ = {
			isa = PBXFrameworksBuildPhase;
			buildActionMask = 2147483647;
			files = (
			);
			runOnlyForDeploymentPostprocessing = 0;
		};
/* End PBXFrameworksBuildPhase section */

/* Begin PBXGroup section */
		07D15E852817CFBF00723348 /* AdjustableView */ = {
			isa = PBXGroup;
			children = (
				07D15E862817CFD700723348 /* AdjustableView.swift */,
				07D15E882817E0C900723348 /* AdjustChevronView.swift */,
				1E5BCFD628281FDB00F7B610 /* AdjustableImageView.swift */,
				1E5BCFDB2828472A00F7B610 /* AdjustableLabel.swift */,
			);
			path = AdjustableView;
			sourceTree = "<group>";
		};
		07D15E8A281815B300723348 /* Text */ = {
			isa = PBXGroup;
			children = (
				07F98743281A78BE0058139C /* Color */,
				07F98742281A78B20058139C /* Style */,
				07F98741281A78AB0058139C /* Fonts */,
				07D15E8B281815C900723348 /* TextEditingViewController.swift */,
			);
			path = Text;
			sourceTree = "<group>";
		};
		07D15E91281831A200723348 /* Image */ = {
			isa = PBXGroup;
			children = (
				07D15E92281831B200723348 /* UIImage+Extension.swift */,
				1E5BCFE928294E5700F7B610 /* FilterLoader.swift */,
			);
			path = Image;
			sourceTree = "<group>";
		};
		07F98741281A78AB0058139C /* Fonts */ = {
			isa = PBXGroup;
			children = (
				07F98744281A78E60058139C /* FontsPickerViewController.swift */,
				07F9875A281AABF20058139C /* FontsLoader.swift */,
			);
			path = Fonts;
			sourceTree = "<group>";
		};
		07F98742281A78B20058139C /* Style */ = {
			isa = PBXGroup;
			children = (
				07F98769281AD5D10058139C /* StyleViewController.swift */,
			);
			path = Style;
			sourceTree = "<group>";
		};
		07F98743281A78BE0058139C /* Color */ = {
			isa = PBXGroup;
			children = (
				07D15E8D2818171D00723348 /* ColorPaletteCollectionView.swift */,
				07F9876B281AE0B00058139C /* ColorPickerViewController.swift */,
				07F9876D281AE8400058139C /* ColorSliderView.swift */,
				07F98771281AF7390058139C /* AlphaView.swift */,
				07F98773281BC2260058139C /* SliderSetView.swift */,
			);
			path = Color;
			sourceTree = "<group>";
		};
		07F98746281A7E7C0058139C /* ValuePicker */ = {
			isa = PBXGroup;
			children = (
				07F98747281A7E8C0058139C /* ValuePickerView.swift */,
			);
			path = ValuePicker;
			sourceTree = "<group>";
		};
		07F98749281A84390058139C /* TextCell */ = {
			isa = PBXGroup;
			children = (
				07F9874A281A844B0058139C /* TextCollectionViewCell.swift */,
			);
			path = TextCell;
			sourceTree = "<group>";
		};
		07F9874C281A99E10058139C /* Files */ = {
			isa = PBXGroup;
			children = (
				07F9874D281A9A060058139C /* FontSystem.json */,
				1E5BCFE72829495400F7B610 /* Filters.json */,
				1E934C7F2834DADD004D9B8D /* GraphicsSystem.json */,
			);
			path = Files;
			sourceTree = "<group>";
		};
		07F9874F281AA6210058139C /* UIFonts */ = {
			isa = PBXGroup;
			children = (
				1E98AD792812FDCE006DAE75 /* Montserrat-SemiBold.ttf */,
				1E98AD6C2811AC31006DAE75 /* Montserrat-Light.ttf */,
				1E98AD4E280EAF28006DAE75 /* Montserrat-Regular.ttf */,
				1E98AD50280EAF46006DAE75 /* Montserrat-Medium.ttf */,
				1E98AD4C280EAF0A006DAE75 /* Montserrat-Bold.ttf */,
			);
			path = UIFonts;
			sourceTree = "<group>";
		};
		07F98750281AA62D0058139C /* EditFonts */ = {
			isa = PBXGroup;
			children = (
				07F98753281AA74A0058139C /* PatuaOne-Regular.ttf */,
				07F98751281AA6620058139C /* Oxanium-Medium.ttf */,
				07D15E8F2818212B00723348 /* PaybAck.ttf */,
			);
			path = EditFonts;
			sourceTree = "<group>";
		};
		07F98755281AA7AF0058139C /* Techno */ = {
			isa = PBXGroup;
			children = (
				07F98763281AC1A30058139C /* Game Of Squids.ttf */,
				07F9875E281ABA300058139C /* nasalization-rg.otf */,
			);
			path = Techno;
			sourceTree = "<group>";
		};
		07F98760281ABC5E0058139C /* Misc */ = {
			isa = PBXGroup;
			children = (
				07F98767281AC3690058139C /* Capture it.ttf */,
				07F98761281ABC730058139C /* HARRYP.TTF */,
			);
			path = Misc;
			sourceTree = "<group>";
		};
		07F98775281C2BAA0058139C /* Misc */ = {
			isa = PBXGroup;
			children = (
				1E98AD7B2812FDF1006DAE75 /* Fonts.swift */,
				07F98776281C2BC00058139C /* CustomSlider.swift */,
				07F98778281C43620058139C /* PresentationControllers.swift */,
				1E28628E28268E9200E624B1 /* CustomSearchTextField.swift */,
				1EF95220282F92800002A6E7 /* AppState.swift */,
			);
			path = Misc;
			sourceTree = "<group>";
		};
		07F9877A281ECC2A0058139C /* Localization */ = {
			isa = PBXGroup;
			children = (
				07F98781281ED1500058139C /* Localization.swift */,
				07F9877F281ECC610058139C /* Localizable.strings */,
			);
			path = Localization;
			sourceTree = "<group>";
		};
		1E42E00A280DC93D0033E6EE = {
			isa = PBXGroup;
			children = (
				1E42E015280DC93D0033E6EE /* Flitrr */,
				1E42E02F280DC9430033E6EE /* FlitrrTests */,
				1E42E039280DC9430033E6EE /* FlitrrUITests */,
				1E42E014280DC93D0033E6EE /* Products */,
				1EF9522D283141DE0002A6E7 /* Frameworks */,
			);
			sourceTree = "<group>";
		};
		1E42E014280DC93D0033E6EE /* Products */ = {
			isa = PBXGroup;
			children = (
				1E42E013280DC93D0033E6EE /* Flitrr.app */,
				1E42E02C280DC9430033E6EE /* FlitrrTests.xctest */,
				1E42E036280DC9430033E6EE /* FlitrrUITests.xctest */,
			);
			name = Products;
			sourceTree = "<group>";
		};
		1E42E015280DC93D0033E6EE /* Flitrr */ = {
			isa = PBXGroup;
			children = (
				1EF95224282FCAB20002A6E7 /* iAp */,
				1E98AD8E2815753B006DAE75 /* CoreData */,
				1E42E04D280DCAA20033E6EE /* Common */,
				1E42E04B280DCA520033E6EE /* Modules */,
				1E42E04A280DC97B0033E6EE /* Resources */,
				1E42E049280DC9680033E6EE /* Application */,
			);
			path = Flitrr;
			sourceTree = "<group>";
		};
		1E42E02F280DC9430033E6EE /* FlitrrTests */ = {
			isa = PBXGroup;
			children = (
				1E42E030280DC9430033E6EE /* FlitrrTests.swift */,
			);
			path = FlitrrTests;
			sourceTree = "<group>";
		};
		1E42E039280DC9430033E6EE /* FlitrrUITests */ = {
			isa = PBXGroup;
			children = (
				1E42E03A280DC9430033E6EE /* FlitrrUITests.swift */,
				1E42E03C280DC9430033E6EE /* FlitrrUITestsLaunchTests.swift */,
			);
			path = FlitrrUITests;
			sourceTree = "<group>";
		};
		1E42E049280DC9680033E6EE /* Application */ = {
			isa = PBXGroup;
			children = (
				1E42E01F280DC93D0033E6EE /* Flitrr.xcdatamodeld */,
				1E42E027280DC9430033E6EE /* Info.plist */,
				1E42E024280DC9430033E6EE /* LaunchScreen.storyboard */,
				1E42E018280DC93D0033E6EE /* SceneDelegate.swift */,
				1E42E016280DC93D0033E6EE /* AppDelegate.swift */,
				1EF95222282FCA6D0002A6E7 /* iAps.plist */,
			);
			path = Application;
			sourceTree = "<group>";
		};
		1E42E04A280DC97B0033E6EE /* Resources */ = {
			isa = PBXGroup;
			children = (
				1E5BCFE028290F6700F7B610 /* Video */,
				07F9877A281ECC2A0058139C /* Localization */,
				07F9874C281A99E10058139C /* Files */,
				1E98AD4B280EAEF3006DAE75 /* Fonts */,
				1E42E022280DC9430033E6EE /* Assets.xcassets */,
			);
			path = Resources;
			sourceTree = "<group>";
		};
		1E42E04B280DCA520033E6EE /* Modules */ = {
			isa = PBXGroup;
			children = (
				1E98AD9B281699BE006DAE75 /* ImageLibraryPicker */,
				1E98AD6728108459006DAE75 /* Settings */,
				1E98AD44280EA687006DAE75 /* Discover */,
				1E98AD43280EA679006DAE75 /* Projects */,
				1E42E04C280DCA640033E6EE /* ProjectCreating */,
			);
			path = Modules;
			sourceTree = "<group>";
		};
		1E42E04C280DCA640033E6EE /* ProjectCreating */ = {
			isa = PBXGroup;
			children = (
				1EF9523028314E990002A6E7 /* Layers */,
				1E5BCFF8282C1E3E00F7B610 /* Graphic */,
				1E5BCFF5282B8B4000F7B610 /* Crop */,
				1E5BCFF2282AB72F00F7B610 /* Shapes */,
				1E5BCFF1282A7C0F00F7B610 /* Base */,
				07D15E8A281815B300723348 /* Text */,
				1E5BCFEE282A3EB900F7B610 /* Shadow */,
				1E5BCFEB282A348900F7B610 /* Opacity */,
				1E5BCFDD282905F300F7B610 /* Filters */,
				1E5BCFD8282825EF00F7B610 /* Background */,
			);
			path = ProjectCreating;
			sourceTree = "<group>";
		};
		1E42E04D280DCAA20033E6EE /* Common */ = {
			isa = PBXGroup;
			children = (
				07F98775281C2BAA0058139C /* Misc */,
				07F98749281A84390058139C /* TextCell */,
				07F98746281A7E7C0058139C /* ValuePicker */,
				07D15E91281831A200723348 /* Image */,
				07D15E852817CFBF00723348 /* AdjustableView */,
				1E98AD9E2816B406006DAE75 /* HorizontalCollection */,
				1E98AD7F28140C32006DAE75 /* ToolBar */,
				1E98AD48280EA902006DAE75 /* RoundedTabBar */,
				1E98AD47280EA8E7006DAE75 /* Extensions */,
			);
			path = Common;
			sourceTree = "<group>";
		};
		1E5BCFD8282825EF00F7B610 /* Background */ = {
			isa = PBXGroup;
			children = (
				1E5BCFD92828260700F7B610 /* BackgroundSelectionViewController.swift */,
			);
			path = Background;
			sourceTree = "<group>";
		};
		1E5BCFDD282905F300F7B610 /* Filters */ = {
			isa = PBXGroup;
			children = (
				1E5BCFDE2829060B00F7B610 /* FiltersViewController.swift */,
				1E5BCFE52829221800F7B610 /* FiltersCollectionView.swift */,
			);
			path = Filters;
			sourceTree = "<group>";
		};
		1E5BCFE028290F6700F7B610 /* Video */ = {
			isa = PBXGroup;
			children = (
				1E5BCFE128290F7700F7B610 /* PaywallVid.mp4 */,
			);
			path = Video;
			sourceTree = "<group>";
		};
		1E5BCFEB282A348900F7B610 /* Opacity */ = {
			isa = PBXGroup;
			children = (
				1E5BCFEC282A34B200F7B610 /* OpacityViewController.swift */,
			);
			path = Opacity;
			sourceTree = "<group>";
		};
		1E5BCFEE282A3EB900F7B610 /* Shadow */ = {
			isa = PBXGroup;
			children = (
				1E5BCFEF282A3ED200F7B610 /* ShadowViewController.swift */,
			);
			path = Shadow;
			sourceTree = "<group>";
		};
		1E5BCFF1282A7C0F00F7B610 /* Base */ = {
			isa = PBXGroup;
			children = (
				1E98AD7D28140BB1006DAE75 /* ProjectCreatingViewController.swift */,
				1E98AD8228141DE1006DAE75 /* ProjectTransparentGridView.swift */,
			);
			path = Base;
			sourceTree = "<group>";
		};
		1E5BCFF2282AB72F00F7B610 /* Shapes */ = {
			isa = PBXGroup;
			children = (
				1E5BCFF3282AB74800F7B610 /* ShapesViewController.swift */,
			);
			path = Shapes;
			sourceTree = "<group>";
		};
		1E5BCFF5282B8B4000F7B610 /* Crop */ = {
			isa = PBXGroup;
			children = (
				1E5BCFF6282B8B5700F7B610 /* CropViewController.swift */,
			);
			path = Crop;
			sourceTree = "<group>";
		};
		1E5BCFF8282C1E3E00F7B610 /* Graphic */ = {
			isa = PBXGroup;
			children = (
				1E5BCFF9282C1E5100F7B610 /* GraphicViewController.swift */,
				1EC99159282E58B9006B2D38 /* GraphicsObservingViewController.swift */,
				1EC9915B282E5FB6006B2D38 /* GraphicsStretchyHeader.swift */,
				1E934C812834DBE7004D9B8D /* GraphicsLoader.swift */,
			);
			path = Graphic;
			sourceTree = "<group>";
		};
		1E98AD43280EA679006DAE75 /* Projects */ = {
			isa = PBXGroup;
			children = (
				1EF9523B28324C4E0002A6E7 /* Picker */,
				1EF95238283186070002A6E7 /* Folder */,
				1EF9523528316BA60002A6E7 /* Cells */,
				1E98AD5D280EE2FD006DAE75 /* ProjectsSelectionTab.swift */,
				1E98AD56280EC618006DAE75 /* ProjectsOptionsView.swift */,
				1E98AD54280EB72D006DAE75 /* WaterFallLayout.swift */,
				1E98AD45280EA6F6006DAE75 /* ProjectsViewController.swift */,
				1E98AD5A280EE044006DAE75 /* ProjectCells */,
			);
			path = Projects;
			sourceTree = "<group>";
		};
		1E98AD44280EA687006DAE75 /* Discover */ = {
			isa = PBXGroup;
			children = (
				1E42E01A280DC93D0033E6EE /* DiscoverViewController.swift */,
				1E934C832834E76E004D9B8D /* SocialMediaTemplateCollectionView.swift */,
			);
			path = Discover;
			sourceTree = "<group>";
		};
		1E98AD47280EA8E7006DAE75 /* Extensions */ = {
			isa = PBXGroup;
			children = (
				1E42E04E280DCABB0033E6EE /* UIColor.swift */,
				1E98AD58280EDEEA006DAE75 /* UIViewController.swift */,
				07F9876F281AF3E00058139C /* CALayer.swift */,
			);
			path = Extensions;
			sourceTree = "<group>";
		};
		1E98AD48280EA902006DAE75 /* RoundedTabBar */ = {
			isa = PBXGroup;
			children = (
				1E98AD8528156131006DAE75 /* ScrollableRoundedBar */,
				1E98AD8428156117006DAE75 /* AppBar */,
			);
			path = RoundedTabBar;
			sourceTree = "<group>";
		};
		1E98AD4B280EAEF3006DAE75 /* Fonts */ = {
			isa = PBXGroup;
			children = (
				07F98760281ABC5E0058139C /* Misc */,
				07F98755281AA7AF0058139C /* Techno */,
				07F98750281AA62D0058139C /* EditFonts */,
				07F9874F281AA6210058139C /* UIFonts */,
			);
			path = Fonts;
			sourceTree = "<group>";
		};
		1E98AD5A280EE044006DAE75 /* ProjectCells */ = {
			isa = PBXGroup;
			children = (
				1E98AD5B280EE060006DAE75 /* ProjectsImageCell.swift */,
				1E98AD5F280EE9DC006DAE75 /* ProjectsFolderCell.swift */,
				1E98AD972815D33D006DAE75 /* FoldersCollectionHeaderView.swift */,
			);
			path = ProjectCells;
			sourceTree = "<group>";
		};
		1E98AD6728108459006DAE75 /* Settings */ = {
			isa = PBXGroup;
			children = (
				1EF9521D282ED6610002A6E7 /* Appearance */,
				1E98AD7628129541006DAE75 /* PrivacyPolicy */,
				1E98AD73281289E1006DAE75 /* Language */,
				1E98AD72281289D7006DAE75 /* Paywall */,
				1E98AD6828108474006DAE75 /* SettingsViewController.swift */,
				1E98AD6E2811D0A7006DAE75 /* SettingsView.swift */,
			);
			path = Settings;
			sourceTree = "<group>";
		};
		1E98AD72281289D7006DAE75 /* Paywall */ = {
			isa = PBXGroup;
			children = (
				1E98AD702811D773006DAE75 /* PaywallView.swift */,
				1E5BCFE3282910B300F7B610 /* PaywallVideoView.swift */,
			);
			path = Paywall;
			sourceTree = "<group>";
		};
		1E98AD73281289E1006DAE75 /* Language */ = {
			isa = PBXGroup;
			children = (
				1E98AD7428128E9E006DAE75 /* LanguageTableViewController.swift */,
			);
			path = Language;
			sourceTree = "<group>";
		};
		1E98AD7628129541006DAE75 /* PrivacyPolicy */ = {
			isa = PBXGroup;
			children = (
				1E98AD772812955E006DAE75 /* PrivacyPolicyViewController.swift */,
			);
			path = PrivacyPolicy;
			sourceTree = "<group>";
		};
		1E98AD7F28140C32006DAE75 /* ToolBar */ = {
			isa = PBXGroup;
			children = (
				1E98AD8028140C51006DAE75 /* ToolBarView.swift */,
			);
			path = ToolBar;
			sourceTree = "<group>";
		};
		1E98AD8428156117006DAE75 /* AppBar */ = {
			isa = PBXGroup;
			children = (
				1E42E052280DED700033E6EE /* RoundedTabBarController.swift */,
				1E42E050280DD3C90033E6EE /* RoundedTabBar.swift */,
				1E98AD49280EA925006DAE75 /* RoundedTabBarItems.swift */,
			);
			path = AppBar;
			sourceTree = "<group>";
		};
		1E98AD8528156131006DAE75 /* ScrollableRoundedBar */ = {
			isa = PBXGroup;
			children = (
				1E98AD9928168394006DAE75 /* ScrollableRoundedBar.swift */,
			);
			path = ScrollableRoundedBar;
			sourceTree = "<group>";
		};
		1E98AD8E2815753B006DAE75 /* CoreData */ = {
			isa = PBXGroup;
			children = (
				1EF95229283114F70002A6E7 /* ProjectsFileManager.swift */,
				1E98AD8F281575DA006DAE75 /* Folder+CoreDataClass.swift */,
				1E98AD90281575DA006DAE75 /* Folder+CoreDataProperties.swift */,
				1E98AD91281575DA006DAE75 /* Project+CoreDataClass.swift */,
				1E98AD92281575DA006DAE75 /* Project+CoreDataProperties.swift */,
			);
			path = CoreData;
			sourceTree = "<group>";
		};
		1E98AD9B281699BE006DAE75 /* ImageLibraryPicker */ = {
			isa = PBXGroup;
			children = (
				1E98AD9C281699DB006DAE75 /* ImageLibraryPickerViewController.swift */,
			);
			path = ImageLibraryPicker;
			sourceTree = "<group>";
		};
		1E98AD9E2816B406006DAE75 /* HorizontalCollection */ = {
			isa = PBXGroup;
			children = (
				1E98AD9F2816B438006DAE75 /* HorizontalCollectionView.swift */,
			);
			path = HorizontalCollection;
			sourceTree = "<group>";
		};
		1EF9521D282ED6610002A6E7 /* Appearance */ = {
			isa = PBXGroup;
			children = (
				1EF9521E282ED6830002A6E7 /* AppearanceViewController.swift */,
			);
			path = Appearance;
			sourceTree = "<group>";
		};
		1EF95224282FCAB20002A6E7 /* iAp */ = {
			isa = PBXGroup;
			children = (
				1EF95225282FCAD60002A6E7 /* InAppConfiguration.swift */,
				1EF95227282FCD280002A6E7 /* StoreHelper.swift */,
				1EF9522B28313C320002A6E7 /* StoreObserver.swift */,
			);
			path = iAp;
			sourceTree = "<group>";
		};
		1EF9522D283141DE0002A6E7 /* Frameworks */ = {
			isa = PBXGroup;
			children = (
				1EF9522E283141DE0002A6E7 /* StoreKit.framework */,
			);
			name = Frameworks;
			sourceTree = "<group>";
		};
		1EF9523028314E990002A6E7 /* Layers */ = {
			isa = PBXGroup;
			children = (
				1EF9523128314EC30002A6E7 /* LayersViewController.swift */,
				1EF9523328314F280002A6E7 /* LayersCollectionView.swift */,
			);
			path = Layers;
			sourceTree = "<group>";
		};
		1EF9523528316BA60002A6E7 /* Cells */ = {
			isa = PBXGroup;
			children = (
				1EF9523628316BBC0002A6E7 /* ProjectCell.swift */,
			);
			path = Cells;
			sourceTree = "<group>";
		};
		1EF95238283186070002A6E7 /* Folder */ = {
			isa = PBXGroup;
			children = (
				1EF95239283186200002A6E7 /* FolderViewController.swift */,
			);
			path = Folder;
			sourceTree = "<group>";
		};
		1EF9523B28324C4E0002A6E7 /* Picker */ = {
			isa = PBXGroup;
			children = (
				1EF9523C28324C610002A6E7 /* ProjectsPickerViewController.swift */,
			);
			path = Picker;
			sourceTree = "<group>";
		};
/* End PBXGroup section */

/* Begin PBXNativeTarget section */
		1E42E012280DC93D0033E6EE /* Flitrr */ = {
			isa = PBXNativeTarget;
			buildConfigurationList = 1E42E040280DC9430033E6EE /* Build configuration list for PBXNativeTarget "Flitrr" */;
			buildPhases = (
				1E42E00F280DC93D0033E6EE /* Sources */,
				1E42E010280DC93D0033E6EE /* Frameworks */,
				1E42E011280DC93D0033E6EE /* Resources */,
			);
			buildRules = (
			);
			dependencies = (
			);
			name = Flitrr;
			productName = Flitrr;
			productReference = 1E42E013280DC93D0033E6EE /* Flitrr.app */;
			productType = "com.apple.product-type.application";
		};
		1E42E02B280DC9430033E6EE /* FlitrrTests */ = {
			isa = PBXNativeTarget;
			buildConfigurationList = 1E42E043280DC9430033E6EE /* Build configuration list for PBXNativeTarget "FlitrrTests" */;
			buildPhases = (
				1E42E028280DC9430033E6EE /* Sources */,
				1E42E029280DC9430033E6EE /* Frameworks */,
				1E42E02A280DC9430033E6EE /* Resources */,
			);
			buildRules = (
			);
			dependencies = (
				1E42E02E280DC9430033E6EE /* PBXTargetDependency */,
			);
			name = FlitrrTests;
			productName = FlitrrTests;
			productReference = 1E42E02C280DC9430033E6EE /* FlitrrTests.xctest */;
			productType = "com.apple.product-type.bundle.unit-test";
		};
		1E42E035280DC9430033E6EE /* FlitrrUITests */ = {
			isa = PBXNativeTarget;
			buildConfigurationList = 1E42E046280DC9430033E6EE /* Build configuration list for PBXNativeTarget "FlitrrUITests" */;
			buildPhases = (
				1E42E032280DC9430033E6EE /* Sources */,
				1E42E033280DC9430033E6EE /* Frameworks */,
				1E42E034280DC9430033E6EE /* Resources */,
			);
			buildRules = (
			);
			dependencies = (
				1E42E038280DC9430033E6EE /* PBXTargetDependency */,
			);
			name = FlitrrUITests;
			productName = FlitrrUITests;
			productReference = 1E42E036280DC9430033E6EE /* FlitrrUITests.xctest */;
			productType = "com.apple.product-type.bundle.ui-testing";
		};
/* End PBXNativeTarget section */

/* Begin PBXProject section */
		1E42E00B280DC93D0033E6EE /* Project object */ = {
			isa = PBXProject;
			attributes = {
				BuildIndependentTargetsInParallel = 1;
				LastSwiftUpdateCheck = 1330;
				LastUpgradeCheck = 1330;
				TargetAttributes = {
					1E42E012280DC93D0033E6EE = {
						CreatedOnToolsVersion = 13.3.1;
					};
					1E42E02B280DC9430033E6EE = {
						CreatedOnToolsVersion = 13.3.1;
						TestTargetID = 1E42E012280DC93D0033E6EE;
					};
					1E42E035280DC9430033E6EE = {
						CreatedOnToolsVersion = 13.3.1;
						TestTargetID = 1E42E012280DC93D0033E6EE;
					};
				};
			};
			buildConfigurationList = 1E42E00E280DC93D0033E6EE /* Build configuration list for PBXProject "Flitrr" */;
			compatibilityVersion = "Xcode 13.0";
			developmentRegion = en;
			hasScannedForEncodings = 0;
			knownRegions = (
				en,
				Base,
				es,
				"zh-Hans",
				ja,
				fr,
				de,
				ru,
				"pt-PT",
				it,
				ko,
			);
			mainGroup = 1E42E00A280DC93D0033E6EE;
			productRefGroup = 1E42E014280DC93D0033E6EE /* Products */;
			projectDirPath = "";
			projectRoot = "";
			targets = (
				1E42E012280DC93D0033E6EE /* Flitrr */,
				1E42E02B280DC9430033E6EE /* FlitrrTests */,
				1E42E035280DC9430033E6EE /* FlitrrUITests */,
			);
		};
/* End PBXProject section */

/* Begin PBXResourcesBuildPhase section */
		1E42E011280DC93D0033E6EE /* Resources */ = {
			isa = PBXResourcesBuildPhase;
			buildActionMask = 2147483647;
			files = (
				1E98AD6D2811AC31006DAE75 /* Montserrat-Light.ttf in Resources */,
				1E98AD4D280EAF0A006DAE75 /* Montserrat-Bold.ttf in Resources */,
				1E5BCFE228290F7700F7B610 /* PaywallVid.mp4 in Resources */,
				1EF95223282FCA6D0002A6E7 /* iAps.plist in Resources */,
				07F98752281AA6620058139C /* Oxanium-Medium.ttf in Resources */,
				1E934C802834DADD004D9B8D /* GraphicsSystem.json in Resources */,
				1E42E026280DC9430033E6EE /* LaunchScreen.storyboard in Resources */,
				07F98764281AC1A30058139C /* Game Of Squids.ttf in Resources */,
				1E42E023280DC9430033E6EE /* Assets.xcassets in Resources */,
				1E98AD4F280EAF28006DAE75 /* Montserrat-Regular.ttf in Resources */,
				07F9874E281A9A060058139C /* FontSystem.json in Resources */,
				07F9875F281ABA300058139C /* nasalization-rg.otf in Resources */,
				07D15E902818212B00723348 /* PaybAck.ttf in Resources */,
				07F98754281AA74A0058139C /* PatuaOne-Regular.ttf in Resources */,
				07F98768281AC3690058139C /* Capture it.ttf in Resources */,
				1E98AD51280EAF46006DAE75 /* Montserrat-Medium.ttf in Resources */,
				07F9877D281ECC610058139C /* Localizable.strings in Resources */,
				07F98762281ABC730058139C /* HARRYP.TTF in Resources */,
				1E98AD7A2812FDCE006DAE75 /* Montserrat-SemiBold.ttf in Resources */,
				1E5BCFE82829495400F7B610 /* Filters.json in Resources */,
			);
			runOnlyForDeploymentPostprocessing = 0;
		};
		1E42E02A280DC9430033E6EE /* Resources */ = {
			isa = PBXResourcesBuildPhase;
			buildActionMask = 2147483647;
			files = (
			);
			runOnlyForDeploymentPostprocessing = 0;
		};
		1E42E034280DC9430033E6EE /* Resources */ = {
			isa = PBXResourcesBuildPhase;
			buildActionMask = 2147483647;
			files = (
			);
			runOnlyForDeploymentPostprocessing = 0;
		};
/* End PBXResourcesBuildPhase section */

/* Begin PBXSourcesBuildPhase section */
		1E42E00F280DC93D0033E6EE /* Sources */ = {
			isa = PBXSourcesBuildPhase;
			buildActionMask = 2147483647;
			files = (
				07F98779281C43620058139C /* PresentationControllers.swift in Sources */,
				1E42E01B280DC93D0033E6EE /* DiscoverViewController.swift in Sources */,
				1E98AD57280EC618006DAE75 /* ProjectsOptionsView.swift in Sources */,
				1E42E017280DC93D0033E6EE /* AppDelegate.swift in Sources */,
				1E98AD6F2811D0A7006DAE75 /* SettingsView.swift in Sources */,
				07F9874B281A844B0058139C /* TextCollectionViewCell.swift in Sources */,
				1E5BCFDA2828260700F7B610 /* BackgroundSelectionViewController.swift in Sources */,
				07F98782281ED1500058139C /* Localization.swift in Sources */,
				1E42E021280DC93D0033E6EE /* Flitrr.xcdatamodeld in Sources */,
				1E5BCFDF2829060B00F7B610 /* FiltersViewController.swift in Sources */,
				07F98772281AF7390058139C /* AlphaView.swift in Sources */,
				1E98AD5E280EE2FD006DAE75 /* ProjectsSelectionTab.swift in Sources */,
				1E42E051280DD3C90033E6EE /* RoundedTabBar.swift in Sources */,
				1EF9523728316BBC0002A6E7 /* ProjectCell.swift in Sources */,
				07F98745281A78E60058139C /* FontsPickerViewController.swift in Sources */,
				1E98AD5C280EE060006DAE75 /* ProjectsImageCell.swift in Sources */,
				1E98AD7C2812FDF1006DAE75 /* Fonts.swift in Sources */,
				1E98AD9A28168394006DAE75 /* ScrollableRoundedBar.swift in Sources */,
				1E42E019280DC93D0033E6EE /* SceneDelegate.swift in Sources */,
				1E98AD7528128E9E006DAE75 /* LanguageTableViewController.swift in Sources */,
				1E5BCFD728281FDB00F7B610 /* AdjustableImageView.swift in Sources */,
				1E98AD4A280EA925006DAE75 /* RoundedTabBarItems.swift in Sources */,
				07D15E872817CFD700723348 /* AdjustableView.swift in Sources */,
				1E98AD712811D773006DAE75 /* PaywallView.swift in Sources */,
				1EF9522A283114F70002A6E7 /* ProjectsFileManager.swift in Sources */,
				1EF9523428314F280002A6E7 /* LayersCollectionView.swift in Sources */,
				07D15E892817E0C900723348 /* AdjustChevronView.swift in Sources */,
				1E98AD93281575DA006DAE75 /* Folder+CoreDataClass.swift in Sources */,
				1E98AD60280EE9DC006DAE75 /* ProjectsFolderCell.swift in Sources */,
				1E5BCFF7282B8B5700F7B610 /* CropViewController.swift in Sources */,
				1E98AD8328141DE1006DAE75 /* ProjectTransparentGridView.swift in Sources */,
				1E98AD59280EDEEA006DAE75 /* UIViewController.swift in Sources */,
				1E98AD95281575DA006DAE75 /* Project+CoreDataClass.swift in Sources */,
				1E5BCFE4282910B300F7B610 /* PaywallVideoView.swift in Sources */,
				1E5BCFF0282A3ED200F7B610 /* ShadowViewController.swift in Sources */,
				1E5BCFEA28294E5700F7B610 /* FilterLoader.swift in Sources */,
				07F9875B281AABF20058139C /* FontsLoader.swift in Sources */,
				1EC9915C282E5FB6006B2D38 /* GraphicsStretchyHeader.swift in Sources */,
				1E98AD46280EA6F6006DAE75 /* ProjectsViewController.swift in Sources */,
				1E98AD782812955E006DAE75 /* PrivacyPolicyViewController.swift in Sources */,
				07F9876C281AE0B00058139C /* ColorPickerViewController.swift in Sources */,
				1EF9523A283186210002A6E7 /* FolderViewController.swift in Sources */,
				1E98AD6928108474006DAE75 /* SettingsViewController.swift in Sources */,
				1EF95226282FCAD60002A6E7 /* InAppConfiguration.swift in Sources */,
				1E98AD9D281699DB006DAE75 /* ImageLibraryPickerViewController.swift in Sources */,
				1E934C822834DBE7004D9B8D /* GraphicsLoader.swift in Sources */,
				1E98AD982815D33D006DAE75 /* FoldersCollectionHeaderView.swift in Sources */,
				1E98AD8128140C51006DAE75 /* ToolBarView.swift in Sources */,
				1EF9523228314EC30002A6E7 /* LayersViewController.swift in Sources */,
				1E42E04F280DCABB0033E6EE /* UIColor.swift in Sources */,
				1E98AD94281575DA006DAE75 /* Folder+CoreDataProperties.swift in Sources */,
				1E5BCFFA282C1E5100F7B610 /* GraphicViewController.swift in Sources */,
				1E934C842834E76E004D9B8D /* SocialMediaTemplateCollectionView.swift in Sources */,
				07F98748281A7E8C0058139C /* ValuePickerView.swift in Sources */,
				07F9876A281AD5D10058139C /* StyleViewController.swift in Sources */,
				07F9876E281AE8400058139C /* ColorSliderView.swift in Sources */,
				1E28628F28268E9200E624B1 /* CustomSearchTextField.swift in Sources */,
				1E5BCFED282A34B200F7B610 /* OpacityViewController.swift in Sources */,
				1EF95228282FCD280002A6E7 /* StoreHelper.swift in Sources */,
				1E42E053280DED700033E6EE /* RoundedTabBarController.swift in Sources */,
				1E98AD55280EB72D006DAE75 /* WaterFallLayout.swift in Sources */,
				1E98ADA02816B438006DAE75 /* HorizontalCollectionView.swift in Sources */,
				1E98AD7E28140BB1006DAE75 /* ProjectCreatingViewController.swift in Sources */,
				07D15E8E2818171D00723348 /* ColorPaletteCollectionView.swift in Sources */,
				07D15E93281831B200723348 /* UIImage+Extension.swift in Sources */,
				1E5BCFE62829221800F7B610 /* FiltersCollectionView.swift in Sources */,
				1EF9523D28324C610002A6E7 /* ProjectsPickerViewController.swift in Sources */,
				07F98777281C2BC00058139C /* CustomSlider.swift in Sources */,
				1EF9521F282ED6830002A6E7 /* AppearanceViewController.swift in Sources */,
				1E5BCFF4282AB74900F7B610 /* ShapesViewController.swift in Sources */,
				07F98770281AF3E00058139C /* CALayer.swift in Sources */,
				07F98774281BC2260058139C /* SliderSetView.swift in Sources */,
				1EF9522C28313C320002A6E7 /* StoreObserver.swift in Sources */,
				1EF95221282F92800002A6E7 /* AppState.swift in Sources */,
				1E5BCFDC2828472B00F7B610 /* AdjustableLabel.swift in Sources */,
				07D15E8C281815C900723348 /* TextEditingViewController.swift in Sources */,
				1E98AD96281575DA006DAE75 /* Project+CoreDataProperties.swift in Sources */,
				1EC9915A282E58B9006B2D38 /* GraphicsObservingViewController.swift in Sources */,
			);
			runOnlyForDeploymentPostprocessing = 0;
		};
		1E42E028280DC9430033E6EE /* Sources */ = {
			isa = PBXSourcesBuildPhase;
			buildActionMask = 2147483647;
			files = (
				1E42E031280DC9430033E6EE /* FlitrrTests.swift in Sources */,
			);
			runOnlyForDeploymentPostprocessing = 0;
		};
		1E42E032280DC9430033E6EE /* Sources */ = {
			isa = PBXSourcesBuildPhase;
			buildActionMask = 2147483647;
			files = (
				1E42E03B280DC9430033E6EE /* FlitrrUITests.swift in Sources */,
				1E42E03D280DC9430033E6EE /* FlitrrUITestsLaunchTests.swift in Sources */,
			);
			runOnlyForDeploymentPostprocessing = 0;
		};
/* End PBXSourcesBuildPhase section */

/* Begin PBXTargetDependency section */
		1E42E02E280DC9430033E6EE /* PBXTargetDependency */ = {
			isa = PBXTargetDependency;
			target = 1E42E012280DC93D0033E6EE /* Flitrr */;
			targetProxy = 1E42E02D280DC9430033E6EE /* PBXContainerItemProxy */;
		};
		1E42E038280DC9430033E6EE /* PBXTargetDependency */ = {
			isa = PBXTargetDependency;
			target = 1E42E012280DC93D0033E6EE /* Flitrr */;
			targetProxy = 1E42E037280DC9430033E6EE /* PBXContainerItemProxy */;
		};
/* End PBXTargetDependency section */

/* Begin PBXVariantGroup section */
		07F9877F281ECC610058139C /* Localizable.strings */ = {
			isa = PBXVariantGroup;
			children = (
				07F98780281ECC6F0058139C /* es */,
				07F98783281ED3AB0058139C /* zh-Hans */,
				07F98784281ED3B60058139C /* ja */,
				07F98785281ED3C20058139C /* fr */,
				07F98786281ED3CD0058139C /* de */,
				07F98787281ED3DB0058139C /* ru */,
				07F98788281ED3E80058139C /* pt-PT */,
				07F98789281ED3F10058139C /* it */,
				07F9878A281ED3FE0058139C /* ko */,
				1E28628D282675EB00E624B1 /* en */,
			);
			name = Localizable.strings;
			sourceTree = "<group>";
		};
		1E42E024280DC9430033E6EE /* LaunchScreen.storyboard */ = {
			isa = PBXVariantGroup;
			children = (
				1E42E025280DC9430033E6EE /* Base */,
			);
			name = LaunchScreen.storyboard;
			sourceTree = "<group>";
		};
/* End PBXVariantGroup section */

/* Begin XCBuildConfiguration section */
		1E42E03E280DC9430033E6EE /* Debug */ = {
			isa = XCBuildConfiguration;
			buildSettings = {
				ALWAYS_SEARCH_USER_PATHS = NO;
				CLANG_ANALYZER_LOCALIZABILITY_NONLOCALIZED = YES;
				CLANG_ANALYZER_NONNULL = YES;
				CLANG_ANALYZER_NUMBER_OBJECT_CONVERSION = YES_AGGRESSIVE;
				CLANG_CXX_LANGUAGE_STANDARD = "gnu++17";
				CLANG_ENABLE_MODULES = YES;
				CLANG_ENABLE_OBJC_ARC = YES;
				CLANG_ENABLE_OBJC_WEAK = YES;
				CLANG_WARN_BLOCK_CAPTURE_AUTORELEASING = YES;
				CLANG_WARN_BOOL_CONVERSION = YES;
				CLANG_WARN_COMMA = YES;
				CLANG_WARN_CONSTANT_CONVERSION = YES;
				CLANG_WARN_DEPRECATED_OBJC_IMPLEMENTATIONS = YES;
				CLANG_WARN_DIRECT_OBJC_ISA_USAGE = YES_ERROR;
				CLANG_WARN_DOCUMENTATION_COMMENTS = YES;
				CLANG_WARN_EMPTY_BODY = YES;
				CLANG_WARN_ENUM_CONVERSION = YES;
				CLANG_WARN_INFINITE_RECURSION = YES;
				CLANG_WARN_INT_CONVERSION = YES;
				CLANG_WARN_NON_LITERAL_NULL_CONVERSION = YES;
				CLANG_WARN_OBJC_IMPLICIT_RETAIN_SELF = YES;
				CLANG_WARN_OBJC_LITERAL_CONVERSION = YES;
				CLANG_WARN_OBJC_ROOT_CLASS = YES_ERROR;
				CLANG_WARN_QUOTED_INCLUDE_IN_FRAMEWORK_HEADER = YES;
				CLANG_WARN_RANGE_LOOP_ANALYSIS = YES;
				CLANG_WARN_STRICT_PROTOTYPES = YES;
				CLANG_WARN_SUSPICIOUS_MOVE = YES;
				CLANG_WARN_UNGUARDED_AVAILABILITY = YES_AGGRESSIVE;
				CLANG_WARN_UNREACHABLE_CODE = YES;
				CLANG_WARN__DUPLICATE_METHOD_MATCH = YES;
				COPY_PHASE_STRIP = NO;
				DEBUG_INFORMATION_FORMAT = dwarf;
				ENABLE_STRICT_OBJC_MSGSEND = YES;
				ENABLE_TESTABILITY = YES;
				GCC_C_LANGUAGE_STANDARD = gnu11;
				GCC_DYNAMIC_NO_PIC = NO;
				GCC_NO_COMMON_BLOCKS = YES;
				GCC_OPTIMIZATION_LEVEL = 0;
				GCC_PREPROCESSOR_DEFINITIONS = (
					"DEBUG=1",
					"$(inherited)",
				);
				GCC_WARN_64_TO_32_BIT_CONVERSION = YES;
				GCC_WARN_ABOUT_RETURN_TYPE = YES_ERROR;
				GCC_WARN_UNDECLARED_SELECTOR = YES;
				GCC_WARN_UNINITIALIZED_AUTOS = YES_AGGRESSIVE;
				GCC_WARN_UNUSED_FUNCTION = YES;
				GCC_WARN_UNUSED_VARIABLE = YES;
				IPHONEOS_DEPLOYMENT_TARGET = 15.4;
				MTL_ENABLE_DEBUG_INFO = INCLUDE_SOURCE;
				MTL_FAST_MATH = YES;
				ONLY_ACTIVE_ARCH = YES;
				SDKROOT = iphoneos;
				SWIFT_ACTIVE_COMPILATION_CONDITIONS = DEBUG;
				SWIFT_OPTIMIZATION_LEVEL = "-Onone";
			};
			name = Debug;
		};
		1E42E03F280DC9430033E6EE /* Release */ = {
			isa = XCBuildConfiguration;
			buildSettings = {
				ALWAYS_SEARCH_USER_PATHS = NO;
				CLANG_ANALYZER_LOCALIZABILITY_NONLOCALIZED = YES;
				CLANG_ANALYZER_NONNULL = YES;
				CLANG_ANALYZER_NUMBER_OBJECT_CONVERSION = YES_AGGRESSIVE;
				CLANG_CXX_LANGUAGE_STANDARD = "gnu++17";
				CLANG_ENABLE_MODULES = YES;
				CLANG_ENABLE_OBJC_ARC = YES;
				CLANG_ENABLE_OBJC_WEAK = YES;
				CLANG_WARN_BLOCK_CAPTURE_AUTORELEASING = YES;
				CLANG_WARN_BOOL_CONVERSION = YES;
				CLANG_WARN_COMMA = YES;
				CLANG_WARN_CONSTANT_CONVERSION = YES;
				CLANG_WARN_DEPRECATED_OBJC_IMPLEMENTATIONS = YES;
				CLANG_WARN_DIRECT_OBJC_ISA_USAGE = YES_ERROR;
				CLANG_WARN_DOCUMENTATION_COMMENTS = YES;
				CLANG_WARN_EMPTY_BODY = YES;
				CLANG_WARN_ENUM_CONVERSION = YES;
				CLANG_WARN_INFINITE_RECURSION = YES;
				CLANG_WARN_INT_CONVERSION = YES;
				CLANG_WARN_NON_LITERAL_NULL_CONVERSION = YES;
				CLANG_WARN_OBJC_IMPLICIT_RETAIN_SELF = YES;
				CLANG_WARN_OBJC_LITERAL_CONVERSION = YES;
				CLANG_WARN_OBJC_ROOT_CLASS = YES_ERROR;
				CLANG_WARN_QUOTED_INCLUDE_IN_FRAMEWORK_HEADER = YES;
				CLANG_WARN_RANGE_LOOP_ANALYSIS = YES;
				CLANG_WARN_STRICT_PROTOTYPES = YES;
				CLANG_WARN_SUSPICIOUS_MOVE = YES;
				CLANG_WARN_UNGUARDED_AVAILABILITY = YES_AGGRESSIVE;
				CLANG_WARN_UNREACHABLE_CODE = YES;
				CLANG_WARN__DUPLICATE_METHOD_MATCH = YES;
				COPY_PHASE_STRIP = NO;
				DEBUG_INFORMATION_FORMAT = "dwarf-with-dsym";
				ENABLE_NS_ASSERTIONS = NO;
				ENABLE_STRICT_OBJC_MSGSEND = YES;
				GCC_C_LANGUAGE_STANDARD = gnu11;
				GCC_NO_COMMON_BLOCKS = YES;
				GCC_WARN_64_TO_32_BIT_CONVERSION = YES;
				GCC_WARN_ABOUT_RETURN_TYPE = YES_ERROR;
				GCC_WARN_UNDECLARED_SELECTOR = YES;
				GCC_WARN_UNINITIALIZED_AUTOS = YES_AGGRESSIVE;
				GCC_WARN_UNUSED_FUNCTION = YES;
				GCC_WARN_UNUSED_VARIABLE = YES;
				IPHONEOS_DEPLOYMENT_TARGET = 15.4;
				MTL_ENABLE_DEBUG_INFO = NO;
				MTL_FAST_MATH = YES;
				SDKROOT = iphoneos;
				SWIFT_COMPILATION_MODE = wholemodule;
				SWIFT_OPTIMIZATION_LEVEL = "-O";
				VALIDATE_PRODUCT = YES;
			};
			name = Release;
		};
		1E42E041280DC9430033E6EE /* Debug */ = {
			isa = XCBuildConfiguration;
			buildSettings = {
				ASSETCATALOG_COMPILER_ALTERNATE_APPICON_NAMES = "Icon2 Icon3";
				ASSETCATALOG_COMPILER_APPICON_NAME = AppIcon;
				ASSETCATALOG_COMPILER_GLOBAL_ACCENT_COLOR_NAME = AccentColor;
				CODE_SIGN_STYLE = Automatic;
				CURRENT_PROJECT_VERSION = 1;
				DEVELOPMENT_TEAM = 4D5NR7NN6K;
				GENERATE_INFOPLIST_FILE = YES;
				INFOPLIST_FILE = Flitrr/Application/Info.plist;
				INFOPLIST_KEY_CFBundleDisplayName = Filtrr;
				INFOPLIST_KEY_NSPhotoLibraryUsageDescription = "";
				INFOPLIST_KEY_UIApplicationSupportsIndirectInputEvents = YES;
				INFOPLIST_KEY_UILaunchStoryboardName = LaunchScreen;
				INFOPLIST_KEY_UISupportedInterfaceOrientations = "UIInterfaceOrientationPortrait UIInterfaceOrientationPortraitUpsideDown";
				INFOPLIST_KEY_UISupportedInterfaceOrientations_iPad = "UIInterfaceOrientationPortrait UIInterfaceOrientationPortraitUpsideDown UIInterfaceOrientationLandscapeLeft UIInterfaceOrientationLandscapeRight";
				INFOPLIST_KEY_UISupportedInterfaceOrientations_iPhone = "UIInterfaceOrientationPortrait UIInterfaceOrientationLandscapeLeft UIInterfaceOrientationLandscapeRight";
				IPHONEOS_DEPLOYMENT_TARGET = 15.0;
				LD_RUNPATH_SEARCH_PATHS = (
					"$(inherited)",
					"@executable_path/Frameworks",
				);
				MARKETING_VERSION = 1.0;
				PRODUCT_BUNDLE_IDENTIFIER = "VladyslavB-UK.Flitrr";
				PRODUCT_NAME = "$(TARGET_NAME)";
				SWIFT_EMIT_LOC_STRINGS = YES;
				SWIFT_VERSION = 5.0;
				TARGETED_DEVICE_FAMILY = "1,2";
			};
			name = Debug;
		};
		1E42E042280DC9430033E6EE /* Release */ = {
			isa = XCBuildConfiguration;
			buildSettings = {
				ASSETCATALOG_COMPILER_ALTERNATE_APPICON_NAMES = "Icon2 Icon3";
				ASSETCATALOG_COMPILER_APPICON_NAME = AppIcon;
				ASSETCATALOG_COMPILER_GLOBAL_ACCENT_COLOR_NAME = AccentColor;
				CODE_SIGN_STYLE = Automatic;
				CURRENT_PROJECT_VERSION = 1;
				DEVELOPMENT_TEAM = 4D5NR7NN6K;
				GENERATE_INFOPLIST_FILE = YES;
				INFOPLIST_FILE = Flitrr/Application/Info.plist;
				INFOPLIST_KEY_CFBundleDisplayName = Filtrr;
				INFOPLIST_KEY_NSPhotoLibraryUsageDescription = "";
				INFOPLIST_KEY_UIApplicationSupportsIndirectInputEvents = YES;
				INFOPLIST_KEY_UILaunchStoryboardName = LaunchScreen;
				INFOPLIST_KEY_UISupportedInterfaceOrientations = "UIInterfaceOrientationPortrait UIInterfaceOrientationPortraitUpsideDown";
				INFOPLIST_KEY_UISupportedInterfaceOrientations_iPad = "UIInterfaceOrientationPortrait UIInterfaceOrientationPortraitUpsideDown UIInterfaceOrientationLandscapeLeft UIInterfaceOrientationLandscapeRight";
				INFOPLIST_KEY_UISupportedInterfaceOrientations_iPhone = "UIInterfaceOrientationPortrait UIInterfaceOrientationLandscapeLeft UIInterfaceOrientationLandscapeRight";
				IPHONEOS_DEPLOYMENT_TARGET = 15.0;
				LD_RUNPATH_SEARCH_PATHS = (
					"$(inherited)",
					"@executable_path/Frameworks",
				);
				MARKETING_VERSION = 1.0;
				PRODUCT_BUNDLE_IDENTIFIER = "VladyslavB-UK.Flitrr";
				PRODUCT_NAME = "$(TARGET_NAME)";
				SWIFT_EMIT_LOC_STRINGS = YES;
				SWIFT_VERSION = 5.0;
				TARGETED_DEVICE_FAMILY = "1,2";
			};
			name = Release;
		};
		1E42E044280DC9430033E6EE /* Debug */ = {
			isa = XCBuildConfiguration;
			buildSettings = {
				ALWAYS_EMBED_SWIFT_STANDARD_LIBRARIES = YES;
				BUNDLE_LOADER = "$(TEST_HOST)";
				CODE_SIGN_STYLE = Automatic;
				CURRENT_PROJECT_VERSION = 1;
				DEVELOPMENT_TEAM = 4D5NR7NN6K;
				GENERATE_INFOPLIST_FILE = YES;
				IPHONEOS_DEPLOYMENT_TARGET = 15.4;
				MARKETING_VERSION = 1.0;
				PRODUCT_BUNDLE_IDENTIFIER = "VladyslavB-UK.FlitrrTests";
				PRODUCT_NAME = "$(TARGET_NAME)";
				SWIFT_EMIT_LOC_STRINGS = NO;
				SWIFT_VERSION = 5.0;
				TARGETED_DEVICE_FAMILY = "1,2";
				TEST_HOST = "$(BUILT_PRODUCTS_DIR)/Flitrr.app/Flitrr";
			};
			name = Debug;
		};
		1E42E045280DC9430033E6EE /* Release */ = {
			isa = XCBuildConfiguration;
			buildSettings = {
				ALWAYS_EMBED_SWIFT_STANDARD_LIBRARIES = YES;
				BUNDLE_LOADER = "$(TEST_HOST)";
				CODE_SIGN_STYLE = Automatic;
				CURRENT_PROJECT_VERSION = 1;
				DEVELOPMENT_TEAM = 4D5NR7NN6K;
				GENERATE_INFOPLIST_FILE = YES;
				IPHONEOS_DEPLOYMENT_TARGET = 15.4;
				MARKETING_VERSION = 1.0;
				PRODUCT_BUNDLE_IDENTIFIER = "VladyslavB-UK.FlitrrTests";
				PRODUCT_NAME = "$(TARGET_NAME)";
				SWIFT_EMIT_LOC_STRINGS = NO;
				SWIFT_VERSION = 5.0;
				TARGETED_DEVICE_FAMILY = "1,2";
				TEST_HOST = "$(BUILT_PRODUCTS_DIR)/Flitrr.app/Flitrr";
			};
			name = Release;
		};
		1E42E047280DC9430033E6EE /* Debug */ = {
			isa = XCBuildConfiguration;
			buildSettings = {
				ALWAYS_EMBED_SWIFT_STANDARD_LIBRARIES = YES;
				CODE_SIGN_STYLE = Automatic;
				CURRENT_PROJECT_VERSION = 1;
				DEVELOPMENT_TEAM = 4D5NR7NN6K;
				GENERATE_INFOPLIST_FILE = YES;
				MARKETING_VERSION = 1.0;
				PRODUCT_BUNDLE_IDENTIFIER = "VladyslavB-UK.FlitrrUITests";
				PRODUCT_NAME = "$(TARGET_NAME)";
				SWIFT_EMIT_LOC_STRINGS = NO;
				SWIFT_VERSION = 5.0;
				TARGETED_DEVICE_FAMILY = "1,2";
				TEST_TARGET_NAME = Flitrr;
			};
			name = Debug;
		};
		1E42E048280DC9430033E6EE /* Release */ = {
			isa = XCBuildConfiguration;
			buildSettings = {
				ALWAYS_EMBED_SWIFT_STANDARD_LIBRARIES = YES;
				CODE_SIGN_STYLE = Automatic;
				CURRENT_PROJECT_VERSION = 1;
				DEVELOPMENT_TEAM = 4D5NR7NN6K;
				GENERATE_INFOPLIST_FILE = YES;
				MARKETING_VERSION = 1.0;
				PRODUCT_BUNDLE_IDENTIFIER = "VladyslavB-UK.FlitrrUITests";
				PRODUCT_NAME = "$(TARGET_NAME)";
				SWIFT_EMIT_LOC_STRINGS = NO;
				SWIFT_VERSION = 5.0;
				TARGETED_DEVICE_FAMILY = "1,2";
				TEST_TARGET_NAME = Flitrr;
			};
			name = Release;
		};
/* End XCBuildConfiguration section */

/* Begin XCConfigurationList section */
		1E42E00E280DC93D0033E6EE /* Build configuration list for PBXProject "Flitrr" */ = {
			isa = XCConfigurationList;
			buildConfigurations = (
				1E42E03E280DC9430033E6EE /* Debug */,
				1E42E03F280DC9430033E6EE /* Release */,
			);
			defaultConfigurationIsVisible = 0;
			defaultConfigurationName = Release;
		};
		1E42E040280DC9430033E6EE /* Build configuration list for PBXNativeTarget "Flitrr" */ = {
			isa = XCConfigurationList;
			buildConfigurations = (
				1E42E041280DC9430033E6EE /* Debug */,
				1E42E042280DC9430033E6EE /* Release */,
			);
			defaultConfigurationIsVisible = 0;
			defaultConfigurationName = Release;
		};
		1E42E043280DC9430033E6EE /* Build configuration list for PBXNativeTarget "FlitrrTests" */ = {
			isa = XCConfigurationList;
			buildConfigurations = (
				1E42E044280DC9430033E6EE /* Debug */,
				1E42E045280DC9430033E6EE /* Release */,
			);
			defaultConfigurationIsVisible = 0;
			defaultConfigurationName = Release;
		};
		1E42E046280DC9430033E6EE /* Build configuration list for PBXNativeTarget "FlitrrUITests" */ = {
			isa = XCConfigurationList;
			buildConfigurations = (
				1E42E047280DC9430033E6EE /* Debug */,
				1E42E048280DC9430033E6EE /* Release */,
			);
			defaultConfigurationIsVisible = 0;
			defaultConfigurationName = Release;
		};
/* End XCConfigurationList section */

/* Begin XCVersionGroup section */
		1E42E01F280DC93D0033E6EE /* Flitrr.xcdatamodeld */ = {
			isa = XCVersionGroup;
			children = (
				1E42E020280DC93D0033E6EE /* Flitrr.xcdatamodel */,
			);
			currentVersion = 1E42E020280DC93D0033E6EE /* Flitrr.xcdatamodel */;
			path = Flitrr.xcdatamodeld;
			sourceTree = "<group>";
			versionGroupType = wrapper.xcdatamodel;
		};
/* End XCVersionGroup section */
	};
	rootObject = 1E42E00B280DC93D0033E6EE /* Project object */;
}
