// !$*UTF8*$!
{
	archiveVersion = 1;
	classes = {
	};
	objectVersion = 55;
	objects = {

/* Begin PBXBuildFile section */
		1E42E017280DC93D0033E6EE /* AppDelegate.swift in Sources */ = {isa = PBXBuildFile; fileRef = 1E42E016280DC93D0033E6EE /* AppDelegate.swift */; };
		1E42E019280DC93D0033E6EE /* SceneDelegate.swift in Sources */ = {isa = PBXBuildFile; fileRef = 1E42E018280DC93D0033E6EE /* SceneDelegate.swift */; };
		1E42E01B280DC93D0033E6EE /* ViewController.swift in Sources */ = {isa = PBXBuildFile; fileRef = 1E42E01A280DC93D0033E6EE /* ViewController.swift */; };
		1E42E01E280DC93D0033E6EE /* Main.storyboard in Resources */ = {isa = PBXBuildFile; fileRef = 1E42E01C280DC93D0033E6EE /* Main.storyboard */; };
		1E42E021280DC93D0033E6EE /* Flitrr.xcdatamodeld in Sources */ = {isa = PBXBuildFile; fileRef = 1E42E01F280DC93D0033E6EE /* Flitrr.xcdatamodeld */; };
		1E42E023280DC9430033E6EE /* Assets.xcassets in Resources */ = {isa = PBXBuildFile; fileRef = 1E42E022280DC9430033E6EE /* Assets.xcassets */; };
		1E42E026280DC9430033E6EE /* LaunchScreen.storyboard in Resources */ = {isa = PBXBuildFile; fileRef = 1E42E024280DC9430033E6EE /* LaunchScreen.storyboard */; };
		1E42E031280DC9430033E6EE /* FlitrrTests.swift in Sources */ = {isa = PBXBuildFile; fileRef = 1E42E030280DC9430033E6EE /* FlitrrTests.swift */; };
		1E42E03B280DC9430033E6EE /* FlitrrUITests.swift in Sources */ = {isa = PBXBuildFile; fileRef = 1E42E03A280DC9430033E6EE /* FlitrrUITests.swift */; };
		1E42E03D280DC9430033E6EE /* FlitrrUITestsLaunchTests.swift in Sources */ = {isa = PBXBuildFile; fileRef = 1E42E03C280DC9430033E6EE /* FlitrrUITestsLaunchTests.swift */; };
/* End PBXBuildFile section */

/* Begin PBXContainerItemProxy section */
		1E42E02D280DC9430033E6EE /* PBXContainerItemProxy */ = {
			isa = PBXContainerItemProxy;
			containerPortal = 1E42E00B280DC93D0033E6EE /* Project object */;
			proxyType = 1;
			remoteGlobalIDString = 1E42E012280DC93D0033E6EE;
			remoteInfo = Flitrr;
		};
		1E42E037280DC9430033E6EE /* PBXContainerItemProxy */ = {
			isa = PBXContainerItemProxy;
			containerPortal = 1E42E00B280DC93D0033E6EE /* Project object */;
			proxyType = 1;
			remoteGlobalIDString = 1E42E012280DC93D0033E6EE;
			remoteInfo = Flitrr;
		};
/* End PBXContainerItemProxy section */

/* Begin PBXFileReference section */
		1E42E013280DC93D0033E6EE /* Flitrr.app */ = {isa = PBXFileReference; explicitFileType = wrapper.application; includeInIndex = 0; path = Flitrr.app; sourceTree = BUILT_PRODUCTS_DIR; };
		1E42E016280DC93D0033E6EE /* AppDelegate.swift */ = {isa = PBXFileReference; lastKnownFileType = sourcecode.swift; path = AppDelegate.swift; sourceTree = "<group>"; };
		1E42E018280DC93D0033E6EE /* SceneDelegate.swift */ = {isa = PBXFileReference; lastKnownFileType = sourcecode.swift; path = SceneDelegate.swift; sourceTree = "<group>"; };
		1E42E01A280DC93D0033E6EE /* ViewController.swift */ = {isa = PBXFileReference; lastKnownFileType = sourcecode.swift; path = ViewController.swift; sourceTree = "<group>"; };
		1E42E01D280DC93D0033E6EE /* Base */ = {isa = PBXFileReference; lastKnownFileType = file.storyboard; name = Base; path = Base.lproj/Main.storyboard; sourceTree = "<group>"; };
		1E42E020280DC93D0033E6EE /* Flitrr.xcdatamodel */ = {isa = PBXFileReference; lastKnownFileType = wrapper.xcdatamodel; path = Flitrr.xcdatamodel; sourceTree = "<group>"; };
		1E42E022280DC9430033E6EE /* Assets.xcassets */ = {isa = PBXFileReference; lastKnownFileType = folder.assetcatalog; path = Assets.xcassets; sourceTree = "<group>"; };
		1E42E025280DC9430033E6EE /* Base */ = {isa = PBXFileReference; lastKnownFileType = file.storyboard; name = Base; path = Base.lproj/LaunchScreen.storyboard; sourceTree = "<group>"; };
		1E42E027280DC9430033E6EE /* Info.plist */ = {isa = PBXFileReference; lastKnownFileType = text.plist.xml; path = Info.plist; sourceTree = "<group>"; };
		1E42E02C280DC9430033E6EE /* FlitrrTests.xctest */ = {isa = PBXFileReference; explicitFileType = wrapper.cfbundle; includeInIndex = 0; path = FlitrrTests.xctest; sourceTree = BUILT_PRODUCTS_DIR; };
		1E42E030280DC9430033E6EE /* FlitrrTests.swift */ = {isa = PBXFileReference; lastKnownFileType = sourcecode.swift; path = FlitrrTests.swift; sourceTree = "<group>"; };
		1E42E036280DC9430033E6EE /* FlitrrUITests.xctest */ = {isa = PBXFileReference; explicitFileType = wrapper.cfbundle; includeInIndex = 0; path = FlitrrUITests.xctest; sourceTree = BUILT_PRODUCTS_DIR; };
		1E42E03A280DC9430033E6EE /* FlitrrUITests.swift */ = {isa = PBXFileReference; lastKnownFileType = sourcecode.swift; path = FlitrrUITests.swift; sourceTree = "<group>"; };
		1E42E03C280DC9430033E6EE /* FlitrrUITestsLaunchTests.swift */ = {isa = PBXFileReference; lastKnownFileType = sourcecode.swift; path = FlitrrUITestsLaunchTests.swift; sourceTree = "<group>"; };
/* End PBXFileReference section */

/* Begin PBXFrameworksBuildPhase section */
		1E42E010280DC93D0033E6EE /* Frameworks */ = {
			isa = PBXFrameworksBuildPhase;
			buildActionMask = 2147483647;
			files = (
			);
			runOnlyForDeploymentPostprocessing = 0;
		};
		1E42E029280DC9430033E6EE /* Frameworks */ = {
			isa = PBXFrameworksBuildPhase;
			buildActionMask = 2147483647;
			files = (
			);
			runOnlyForDeploymentPostprocessing = 0;
		};
		1E42E033280DC9430033E6EE /* Frameworks */ = {
			isa = PBXFrameworksBuildPhase;
			buildActionMask = 2147483647;
			files = (
			);
			runOnlyForDeploymentPostprocessing = 0;
		};
/* End PBXFrameworksBuildPhase section */

/* Begin PBXGroup section */
		1E42E00A280DC93D0033E6EE = {
			isa = PBXGroup;
			children = (
				1E42E015280DC93D0033E6EE /* Flitrr */,
				1E42E02F280DC9430033E6EE /* FlitrrTests */,
				1E42E039280DC9430033E6EE /* FlitrrUITests */,
				1E42E014280DC93D0033E6EE /* Products */,
			);
			sourceTree = "<group>";
		};
		1E42E014280DC93D0033E6EE /* Products */ = {
			isa = PBXGroup;
			children = (
				1E42E013280DC93D0033E6EE /* Flitrr.app */,
				1E42E02C280DC9430033E6EE /* FlitrrTests.xctest */,
				1E42E036280DC9430033E6EE /* FlitrrUITests.xctest */,
			);
			name = Products;
			sourceTree = "<group>";
		};
		1E42E015280DC93D0033E6EE /* Flitrr */ = {
			isa = PBXGroup;
			children = (
				1E42E016280DC93D0033E6EE /* AppDelegate.swift */,
				1E42E018280DC93D0033E6EE /* SceneDelegate.swift */,
				1E42E01A280DC93D0033E6EE /* ViewController.swift */,
				1E42E01C280DC93D0033E6EE /* Main.storyboard */,
				1E42E022280DC9430033E6EE /* Assets.xcassets */,
				1E42E024280DC9430033E6EE /* LaunchScreen.storyboard */,
				1E42E027280DC9430033E6EE /* Info.plist */,
				1E42E01F280DC93D0033E6EE /* Flitrr.xcdatamodeld */,
			);
			path = Flitrr;
			sourceTree = "<group>";
		};
		1E42E02F280DC9430033E6EE /* FlitrrTests */ = {
			isa = PBXGroup;
			children = (
				1E42E030280DC9430033E6EE /* FlitrrTests.swift */,
			);
			path = FlitrrTests;
			sourceTree = "<group>";
		};
		1E42E039280DC9430033E6EE /* FlitrrUITests */ = {
			isa = PBXGroup;
			children = (
				1E42E03A280DC9430033E6EE /* FlitrrUITests.swift */,
				1E42E03C280DC9430033E6EE /* FlitrrUITestsLaunchTests.swift */,
			);
			path = FlitrrUITests;
			sourceTree = "<group>";
		};
/* End PBXGroup section */

/* Begin PBXNativeTarget section */
		1E42E012280DC93D0033E6EE /* Flitrr */ = {
			isa = PBXNativeTarget;
			buildConfigurationList = 1E42E040280DC9430033E6EE /* Build configuration list for PBXNativeTarget "Flitrr" */;
			buildPhases = (
				1E42E00F280DC93D0033E6EE /* Sources */,
				1E42E010280DC93D0033E6EE /* Frameworks */,
				1E42E011280DC93D0033E6EE /* Resources */,
			);
			buildRules = (
			);
			dependencies = (
			);
			name = Flitrr;
			productName = Flitrr;
			productReference = 1E42E013280DC93D0033E6EE /* Flitrr.app */;
			productType = "com.apple.product-type.application";
		};
		1E42E02B280DC9430033E6EE /* FlitrrTests */ = {
			isa = PBXNativeTarget;
			buildConfigurationList = 1E42E043280DC9430033E6EE /* Build configuration list for PBXNativeTarget "FlitrrTests" */;
			buildPhases = (
				1E42E028280DC9430033E6EE /* Sources */,
				1E42E029280DC9430033E6EE /* Frameworks */,
				1E42E02A280DC9430033E6EE /* Resources */,
			);
			buildRules = (
			);
			dependencies = (
				1E42E02E280DC9430033E6EE /* PBXTargetDependency */,
			);
			name = FlitrrTests;
			productName = FlitrrTests;
			productReference = 1E42E02C280DC9430033E6EE /* FlitrrTests.xctest */;
			productType = "com.apple.product-type.bundle.unit-test";
		};
		1E42E035280DC9430033E6EE /* FlitrrUITests */ = {
			isa = PBXNativeTarget;
			buildConfigurationList = 1E42E046280DC9430033E6EE /* Build configuration list for PBXNativeTarget "FlitrrUITests" */;
			buildPhases = (
				1E42E032280DC9430033E6EE /* Sources */,
				1E42E033280DC9430033E6EE /* Frameworks */,
				1E42E034280DC9430033E6EE /* Resources */,
			);
			buildRules = (
			);
			dependencies = (
				1E42E038280DC9430033E6EE /* PBXTargetDependency */,
			);
			name = FlitrrUITests;
			productName = FlitrrUITests;
			productReference = 1E42E036280DC9430033E6EE /* FlitrrUITests.xctest */;
			productType = "com.apple.product-type.bundle.ui-testing";
		};
/* End PBXNativeTarget section */

/* Begin PBXProject section */
		1E42E00B280DC93D0033E6EE /* Project object */ = {
			isa = PBXProject;
			attributes = {
				BuildIndependentTargetsInParallel = 1;
				LastSwiftUpdateCheck = 1330;
				LastUpgradeCheck = 1330;
				TargetAttributes = {
					1E42E012280DC93D0033E6EE = {
						CreatedOnToolsVersion = 13.3.1;
					};
					1E42E02B280DC9430033E6EE = {
						CreatedOnToolsVersion = 13.3.1;
						TestTargetID = 1E42E012280DC93D0033E6EE;
					};
					1E42E035280DC9430033E6EE = {
						CreatedOnToolsVersion = 13.3.1;
						TestTargetID = 1E42E012280DC93D0033E6EE;
					};
				};
			};
			buildConfigurationList = 1E42E00E280DC93D0033E6EE /* Build configuration list for PBXProject "Flitrr" */;
			compatibilityVersion = "Xcode 13.0";
			developmentRegion = en;
			hasScannedForEncodings = 0;
			knownRegions = (
				en,
				Base,
			);
			mainGroup = 1E42E00A280DC93D0033E6EE;
			productRefGroup = 1E42E014280DC93D0033E6EE /* Products */;
			projectDirPath = "";
			projectRoot = "";
			targets = (
				1E42E012280DC93D0033E6EE /* Flitrr */,
				1E42E02B280DC9430033E6EE /* FlitrrTests */,
				1E42E035280DC9430033E6EE /* FlitrrUITests */,
			);
		};
/* End PBXProject section */

/* Begin PBXResourcesBuildPhase section */
		1E42E011280DC93D0033E6EE /* Resources */ = {
			isa = PBXResourcesBuildPhase;
			buildActionMask = 2147483647;
			files = (
				1E42E026280DC9430033E6EE /* LaunchScreen.storyboard in Resources */,
				1E42E023280DC9430033E6EE /* Assets.xcassets in Resources */,
				1E42E01E280DC93D0033E6EE /* Main.storyboard in Resources */,
			);
			runOnlyForDeploymentPostprocessing = 0;
		};
		1E42E02A280DC9430033E6EE /* Resources */ = {
			isa = PBXResourcesBuildPhase;
			buildActionMask = 2147483647;
			files = (
			);
			runOnlyForDeploymentPostprocessing = 0;
		};
		1E42E034280DC9430033E6EE /* Resources */ = {
			isa = PBXResourcesBuildPhase;
			buildActionMask = 2147483647;
			files = (
			);
			runOnlyForDeploymentPostprocessing = 0;
		};
/* End PBXResourcesBuildPhase section */

/* Begin PBXSourcesBuildPhase section */
		1E42E00F280DC93D0033E6EE /* Sources */ = {
			isa = PBXSourcesBuildPhase;
			buildActionMask = 2147483647;
			files = (
				1E42E01B280DC93D0033E6EE /* ViewController.swift in Sources */,
				1E42E017280DC93D0033E6EE /* AppDelegate.swift in Sources */,
				1E42E021280DC93D0033E6EE /* Flitrr.xcdatamodeld in Sources */,
				1E42E019280DC93D0033E6EE /* SceneDelegate.swift in Sources */,
			);
			runOnlyForDeploymentPostprocessing = 0;
		};
		1E42E028280DC9430033E6EE /* Sources */ = {
			isa = PBXSourcesBuildPhase;
			buildActionMask = 2147483647;
			files = (
				1E42E031280DC9430033E6EE /* FlitrrTests.swift in Sources */,
			);
			runOnlyForDeploymentPostprocessing = 0;
		};
		1E42E032280DC9430033E6EE /* Sources */ = {
			isa = PBXSourcesBuildPhase;
			buildActionMask = 2147483647;
			files = (
				1E42E03B280DC9430033E6EE /* FlitrrUITests.swift in Sources */,
				1E42E03D280DC9430033E6EE /* FlitrrUITestsLaunchTests.swift in Sources */,
			);
			runOnlyForDeploymentPostprocessing = 0;
		};
/* End PBXSourcesBuildPhase section */

/* Begin PBXTargetDependency section */
		1E42E02E280DC9430033E6EE /* PBXTargetDependency */ = {
			isa = PBXTargetDependency;
			target = 1E42E012280DC93D0033E6EE /* Flitrr */;
			targetProxy = 1E42E02D280DC9430033E6EE /* PBXContainerItemProxy */;
		};
		1E42E038280DC9430033E6EE /* PBXTargetDependency */ = {
			isa = PBXTargetDependency;
			target = 1E42E012280DC93D0033E6EE /* Flitrr */;
			targetProxy = 1E42E037280DC9430033E6EE /* PBXContainerItemProxy */;
		};
/* End PBXTargetDependency section */

/* Begin PBXVariantGroup section */
		1E42E01C280DC93D0033E6EE /* Main.storyboard */ = {
			isa = PBXVariantGroup;
			children = (
				1E42E01D280DC93D0033E6EE /* Base */,
			);
			name = Main.storyboard;
			sourceTree = "<group>";
		};
		1E42E024280DC9430033E6EE /* LaunchScreen.storyboard */ = {
			isa = PBXVariantGroup;
			children = (
				1E42E025280DC9430033E6EE /* Base */,
			);
			name = LaunchScreen.storyboard;
			sourceTree = "<group>";
		};
/* End PBXVariantGroup section */

/* Begin XCBuildConfiguration section */
		1E42E03E280DC9430033E6EE /* Debug */ = {
			isa = XCBuildConfiguration;
			buildSettings = {
				ALWAYS_SEARCH_USER_PATHS = NO;
				CLANG_ANALYZER_NONNULL = YES;
				CLANG_ANALYZER_NUMBER_OBJECT_CONVERSION = YES_AGGRESSIVE;
				CLANG_CXX_LANGUAGE_STANDARD = "gnu++17";
				CLANG_ENABLE_MODULES = YES;
				CLANG_ENABLE_OBJC_ARC = YES;
				CLANG_ENABLE_OBJC_WEAK = YES;
				CLANG_WARN_BLOCK_CAPTURE_AUTORELEASING = YES;
				CLANG_WARN_BOOL_CONVERSION = YES;
				CLANG_WARN_COMMA = YES;
				CLANG_WARN_CONSTANT_CONVERSION = YES;
				CLANG_WARN_DEPRECATED_OBJC_IMPLEMENTATIONS = YES;
				CLANG_WARN_DIRECT_OBJC_ISA_USAGE = YES_ERROR;
				CLANG_WARN_DOCUMENTATION_COMMENTS = YES;
				CLANG_WARN_EMPTY_BODY = YES;
				CLANG_WARN_ENUM_CONVERSION = YES;
				CLANG_WARN_INFINITE_RECURSION = YES;
				CLANG_WARN_INT_CONVERSION = YES;
				CLANG_WARN_NON_LITERAL_NULL_CONVERSION = YES;
				CLANG_WARN_OBJC_IMPLICIT_RETAIN_SELF = YES;
				CLANG_WARN_OBJC_LITERAL_CONVERSION = YES;
				CLANG_WARN_OBJC_ROOT_CLASS = YES_ERROR;
				CLANG_WARN_QUOTED_INCLUDE_IN_FRAMEWORK_HEADER = YES;
				CLANG_WARN_RANGE_LOOP_ANALYSIS = YES;
				CLANG_WARN_STRICT_PROTOTYPES = YES;
				CLANG_WARN_SUSPICIOUS_MOVE = YES;
				CLANG_WARN_UNGUARDED_AVAILABILITY = YES_AGGRESSIVE;
				CLANG_WARN_UNREACHABLE_CODE = YES;
				CLANG_WARN__DUPLICATE_METHOD_MATCH = YES;
				COPY_PHASE_STRIP = NO;
				DEBUG_INFORMATION_FORMAT = dwarf;
				ENABLE_STRICT_OBJC_MSGSEND = YES;
				ENABLE_TESTABILITY = YES;
				GCC_C_LANGUAGE_STANDARD = gnu11;
				GCC_DYNAMIC_NO_PIC = NO;
				GCC_NO_COMMON_BLOCKS = YES;
				GCC_OPTIMIZATION_LEVEL = 0;
				GCC_PREPROCESSOR_DEFINITIONS = (
					"DEBUG=1",
					"$(inherited)",
				);
				GCC_WARN_64_TO_32_BIT_CONVERSION = YES;
				GCC_WARN_ABOUT_RETURN_TYPE = YES_ERROR;
				GCC_WARN_UNDECLARED_SELECTOR = YES;
				GCC_WARN_UNINITIALIZED_AUTOS = YES_AGGRESSIVE;
				GCC_WARN_UNUSED_FUNCTION = YES;
				GCC_WARN_UNUSED_VARIABLE = YES;
				IPHONEOS_DEPLOYMENT_TARGET = 15.4;
				MTL_ENABLE_DEBUG_INFO = INCLUDE_SOURCE;
				MTL_FAST_MATH = YES;
				ONLY_ACTIVE_ARCH = YES;
				SDKROOT = iphoneos;
				SWIFT_ACTIVE_COMPILATION_CONDITIONS = DEBUG;
				SWIFT_OPTIMIZATION_LEVEL = "-Onone";
			};
			name = Debug;
		};
		1E42E03F280DC9430033E6EE /* Release */ = {
			isa = XCBuildConfiguration;
			buildSettings = {
				ALWAYS_SEARCH_USER_PATHS = NO;
				CLANG_ANALYZER_NONNULL = YES;
				CLANG_ANALYZER_NUMBER_OBJECT_CONVERSION = YES_AGGRESSIVE;
				CLANG_CXX_LANGUAGE_STANDARD = "gnu++17";
				CLANG_ENABLE_MODULES = YES;
				CLANG_ENABLE_OBJC_ARC = YES;
				CLANG_ENABLE_OBJC_WEAK = YES;
				CLANG_WARN_BLOCK_CAPTURE_AUTORELEASING = YES;
				CLANG_WARN_BOOL_CONVERSION = YES;
				CLANG_WARN_COMMA = YES;
				CLANG_WARN_CONSTANT_CONVERSION = YES;
				CLANG_WARN_DEPRECATED_OBJC_IMPLEMENTATIONS = YES;
				CLANG_WARN_DIRECT_OBJC_ISA_USAGE = YES_ERROR;
				CLANG_WARN_DOCUMENTATION_COMMENTS = YES;
				CLANG_WARN_EMPTY_BODY = YES;
				CLANG_WARN_ENUM_CONVERSION = YES;
				CLANG_WARN_INFINITE_RECURSION = YES;
				CLANG_WARN_INT_CONVERSION = YES;
				CLANG_WARN_NON_LITERAL_NULL_CONVERSION = YES;
				CLANG_WARN_OBJC_IMPLICIT_RETAIN_SELF = YES;
				CLANG_WARN_OBJC_LITERAL_CONVERSION = YES;
				CLANG_WARN_OBJC_ROOT_CLASS = YES_ERROR;
				CLANG_WARN_QUOTED_INCLUDE_IN_FRAMEWORK_HEADER = YES;
				CLANG_WARN_RANGE_LOOP_ANALYSIS = YES;
				CLANG_WARN_STRICT_PROTOTYPES = YES;
				CLANG_WARN_SUSPICIOUS_MOVE = YES;
				CLANG_WARN_UNGUARDED_AVAILABILITY = YES_AGGRESSIVE;
				CLANG_WARN_UNREACHABLE_CODE = YES;
				CLANG_WARN__DUPLICATE_METHOD_MATCH = YES;
				COPY_PHASE_STRIP = NO;
				DEBUG_INFORMATION_FORMAT = "dwarf-with-dsym";
				ENABLE_NS_ASSERTIONS = NO;
				ENABLE_STRICT_OBJC_MSGSEND = YES;
				GCC_C_LANGUAGE_STANDARD = gnu11;
				GCC_NO_COMMON_BLOCKS = YES;
				GCC_WARN_64_TO_32_BIT_CONVERSION = YES;
				GCC_WARN_ABOUT_RETURN_TYPE = YES_ERROR;
				GCC_WARN_UNDECLARED_SELECTOR = YES;
				GCC_WARN_UNINITIALIZED_AUTOS = YES_AGGRESSIVE;
				GCC_WARN_UNUSED_FUNCTION = YES;
				GCC_WARN_UNUSED_VARIABLE = YES;
				IPHONEOS_DEPLOYMENT_TARGET = 15.4;
				MTL_ENABLE_DEBUG_INFO = NO;
				MTL_FAST_MATH = YES;
				SDKROOT = iphoneos;
				SWIFT_COMPILATION_MODE = wholemodule;
				SWIFT_OPTIMIZATION_LEVEL = "-O";
				VALIDATE_PRODUCT = YES;
			};
			name = Release;
		};
		1E42E041280DC9430033E6EE /* Debug */ = {
			isa = XCBuildConfiguration;
			buildSettings = {
				ASSETCATALOG_COMPILER_APPICON_NAME = AppIcon;
				ASSETCATALOG_COMPILER_GLOBAL_ACCENT_COLOR_NAME = AccentColor;
				CODE_SIGN_STYLE = Automatic;
				CURRENT_PROJECT_VERSION = 1;
				DEVELOPMENT_TEAM = 4D5NR7NN6K;
				GENERATE_INFOPLIST_FILE = YES;
				INFOPLIST_FILE = Flitrr/Info.plist;
				INFOPLIST_KEY_UIApplicationSupportsIndirectInputEvents = YES;
				INFOPLIST_KEY_UILaunchStoryboardName = LaunchScreen;
				INFOPLIST_KEY_UIMainStoryboardFile = Main;
				INFOPLIST_KEY_UISupportedInterfaceOrientations_iPad = "UIInterfaceOrientationPortrait UIInterfaceOrientationPortraitUpsideDown UIInterfaceOrientationLandscapeLeft UIInterfaceOrientationLandscapeRight";
				INFOPLIST_KEY_UISupportedInterfaceOrientations_iPhone = "UIInterfaceOrientationPortrait UIInterfaceOrientationLandscapeLeft UIInterfaceOrientationLandscapeRight";
				LD_RUNPATH_SEARCH_PATHS = (
					"$(inherited)",
					"@executable_path/Frameworks",
				);
				MARKETING_VERSION = 1.0;
				PRODUCT_BUNDLE_IDENTIFIER = "VladyslavB-UK.Flitrr";
				PRODUCT_NAME = "$(TARGET_NAME)";
				SWIFT_EMIT_LOC_STRINGS = YES;
				SWIFT_VERSION = 5.0;
				TARGETED_DEVICE_FAMILY = "1,2";
			};
			name = Debug;
		};
		1E42E042280DC9430033E6EE /* Release */ = {
			isa = XCBuildConfiguration;
			buildSettings = {
				ASSETCATALOG_COMPILER_APPICON_NAME = AppIcon;
				ASSETCATALOG_COMPILER_GLOBAL_ACCENT_COLOR_NAME = AccentColor;
				CODE_SIGN_STYLE = Automatic;
				CURRENT_PROJECT_VERSION = 1;
				DEVELOPMENT_TEAM = 4D5NR7NN6K;
				GENERATE_INFOPLIST_FILE = YES;
				INFOPLIST_FILE = Flitrr/Info.plist;
				INFOPLIST_KEY_UIApplicationSupportsIndirectInputEvents = YES;
				INFOPLIST_KEY_UILaunchStoryboardName = LaunchScreen;
				INFOPLIST_KEY_UIMainStoryboardFile = Main;
				INFOPLIST_KEY_UISupportedInterfaceOrientations_iPad = "UIInterfaceOrientationPortrait UIInterfaceOrientationPortraitUpsideDown UIInterfaceOrientationLandscapeLeft UIInterfaceOrientationLandscapeRight";
				INFOPLIST_KEY_UISupportedInterfaceOrientations_iPhone = "UIInterfaceOrientationPortrait UIInterfaceOrientationLandscapeLeft UIInterfaceOrientationLandscapeRight";
				LD_RUNPATH_SEARCH_PATHS = (
					"$(inherited)",
					"@executable_path/Frameworks",
				);
				MARKETING_VERSION = 1.0;
				PRODUCT_BUNDLE_IDENTIFIER = "VladyslavB-UK.Flitrr";
				PRODUCT_NAME = "$(TARGET_NAME)";
				SWIFT_EMIT_LOC_STRINGS = YES;
				SWIFT_VERSION = 5.0;
				TARGETED_DEVICE_FAMILY = "1,2";
			};
			name = Release;
		};
		1E42E044280DC9430033E6EE /* Debug */ = {
			isa = XCBuildConfiguration;
			buildSettings = {
				ALWAYS_EMBED_SWIFT_STANDARD_LIBRARIES = YES;
				BUNDLE_LOADER = "$(TEST_HOST)";
				CODE_SIGN_STYLE = Automatic;
				CURRENT_PROJECT_VERSION = 1;
				DEVELOPMENT_TEAM = 4D5NR7NN6K;
				GENERATE_INFOPLIST_FILE = YES;
				IPHONEOS_DEPLOYMENT_TARGET = 15.4;
				MARKETING_VERSION = 1.0;
				PRODUCT_BUNDLE_IDENTIFIER = "VladyslavB-UK.FlitrrTests";
				PRODUCT_NAME = "$(TARGET_NAME)";
				SWIFT_EMIT_LOC_STRINGS = NO;
				SWIFT_VERSION = 5.0;
				TARGETED_DEVICE_FAMILY = "1,2";
				TEST_HOST = "$(BUILT_PRODUCTS_DIR)/Flitrr.app/Flitrr";
			};
			name = Debug;
		};
		1E42E045280DC9430033E6EE /* Release */ = {
			isa = XCBuildConfiguration;
			buildSettings = {
				ALWAYS_EMBED_SWIFT_STANDARD_LIBRARIES = YES;
				BUNDLE_LOADER = "$(TEST_HOST)";
				CODE_SIGN_STYLE = Automatic;
				CURRENT_PROJECT_VERSION = 1;
				DEVELOPMENT_TEAM = 4D5NR7NN6K;
				GENERATE_INFOPLIST_FILE = YES;
				IPHONEOS_DEPLOYMENT_TARGET = 15.4;
				MARKETING_VERSION = 1.0;
				PRODUCT_BUNDLE_IDENTIFIER = "VladyslavB-UK.FlitrrTests";
				PRODUCT_NAME = "$(TARGET_NAME)";
				SWIFT_EMIT_LOC_STRINGS = NO;
				SWIFT_VERSION = 5.0;
				TARGETED_DEVICE_FAMILY = "1,2";
				TEST_HOST = "$(BUILT_PRODUCTS_DIR)/Flitrr.app/Flitrr";
			};
			name = Release;
		};
		1E42E047280DC9430033E6EE /* Debug */ = {
			isa = XCBuildConfiguration;
			buildSettings = {
				ALWAYS_EMBED_SWIFT_STANDARD_LIBRARIES = YES;
				CODE_SIGN_STYLE = Automatic;
				CURRENT_PROJECT_VERSION = 1;
				DEVELOPMENT_TEAM = 4D5NR7NN6K;
				GENERATE_INFOPLIST_FILE = YES;
				MARKETING_VERSION = 1.0;
				PRODUCT_BUNDLE_IDENTIFIER = "VladyslavB-UK.FlitrrUITests";
				PRODUCT_NAME = "$(TARGET_NAME)";
				SWIFT_EMIT_LOC_STRINGS = NO;
				SWIFT_VERSION = 5.0;
				TARGETED_DEVICE_FAMILY = "1,2";
				TEST_TARGET_NAME = Flitrr;
			};
			name = Debug;
		};
		1E42E048280DC9430033E6EE /* Release */ = {
			isa = XCBuildConfiguration;
			buildSettings = {
				ALWAYS_EMBED_SWIFT_STANDARD_LIBRARIES = YES;
				CODE_SIGN_STYLE = Automatic;
				CURRENT_PROJECT_VERSION = 1;
				DEVELOPMENT_TEAM = 4D5NR7NN6K;
				GENERATE_INFOPLIST_FILE = YES;
				MARKETING_VERSION = 1.0;
				PRODUCT_BUNDLE_IDENTIFIER = "VladyslavB-UK.FlitrrUITests";
				PRODUCT_NAME = "$(TARGET_NAME)";
				SWIFT_EMIT_LOC_STRINGS = NO;
				SWIFT_VERSION = 5.0;
				TARGETED_DEVICE_FAMILY = "1,2";
				TEST_TARGET_NAME = Flitrr;
			};
			name = Release;
		};
/* End XCBuildConfiguration section */

/* Begin XCConfigurationList section */
		1E42E00E280DC93D0033E6EE /* Build configuration list for PBXProject "Flitrr" */ = {
			isa = XCConfigurationList;
			buildConfigurations = (
				1E42E03E280DC9430033E6EE /* Debug */,
				1E42E03F280DC9430033E6EE /* Release */,
			);
			defaultConfigurationIsVisible = 0;
			defaultConfigurationName = Release;
		};
		1E42E040280DC9430033E6EE /* Build configuration list for PBXNativeTarget "Flitrr" */ = {
			isa = XCConfigurationList;
			buildConfigurations = (
				1E42E041280DC9430033E6EE /* Debug */,
				1E42E042280DC9430033E6EE /* Release */,
			);
			defaultConfigurationIsVisible = 0;
			defaultConfigurationName = Release;
		};
		1E42E043280DC9430033E6EE /* Build configuration list for PBXNativeTarget "FlitrrTests" */ = {
			isa = XCConfigurationList;
			buildConfigurations = (
				1E42E044280DC9430033E6EE /* Debug */,
				1E42E045280DC9430033E6EE /* Release */,
			);
			defaultConfigurationIsVisible = 0;
			defaultConfigurationName = Release;
		};
		1E42E046280DC9430033E6EE /* Build configuration list for PBXNativeTarget "FlitrrUITests" */ = {
			isa = XCConfigurationList;
			buildConfigurations = (
				1E42E047280DC9430033E6EE /* Debug */,
				1E42E048280DC9430033E6EE /* Release */,
			);
			defaultConfigurationIsVisible = 0;
			defaultConfigurationName = Release;
		};
/* End XCConfigurationList section */

/* Begin XCVersionGroup section */
		1E42E01F280DC93D0033E6EE /* Flitrr.xcdatamodeld */ = {
			isa = XCVersionGroup;
			children = (
				1E42E020280DC93D0033E6EE /* Flitrr.xcdatamodel */,
			);
			currentVersion = 1E42E020280DC93D0033E6EE /* Flitrr.xcdatamodel */;
			path = Flitrr.xcdatamodeld;
			sourceTree = "<group>";
			versionGroupType = wrapper.xcdatamodel;
		};
/* End XCVersionGroup section */
	};
	rootObject = 1E42E00B280DC93D0033E6EE /* Project object */;
}
